// !$*UTF8*$!
{
	archiveVersion = 1;
	classes = {
	};
	objectVersion = 46;
	objects = {

/* Begin PBXBuildFile section */
		790B7F1F1A69C3AE009C1F1B /* main.m in Sources */ = {isa = PBXBuildFile; fileRef = 790B7F1E1A69C3AE009C1F1B /* main.m */; };
		790B7F221A69C3AE009C1F1B /* AppDelegate.m in Sources */ = {isa = PBXBuildFile; fileRef = 790B7F211A69C3AE009C1F1B /* AppDelegate.m */; };
		790B7F281A69C3AE009C1F1B /* Main.storyboard in Resources */ = {isa = PBXBuildFile; fileRef = 790B7F261A69C3AE009C1F1B /* Main.storyboard */; };
		790B7F2A1A69C3AE009C1F1B /* Images.xcassets in Resources */ = {isa = PBXBuildFile; fileRef = 790B7F291A69C3AE009C1F1B /* Images.xcassets */; };
		790B7F2D1A69C3AE009C1F1B /* LaunchScreen.xib in Resources */ = {isa = PBXBuildFile; fileRef = 790B7F2B1A69C3AE009C1F1B /* LaunchScreen.xib */; };
		790B7F391A69C3AE009C1F1B /* catchGoalTests.m in Sources */ = {isa = PBXBuildFile; fileRef = 790B7F381A69C3AE009C1F1B /* catchGoalTests.m */; };
		790B7F471A69C5C8009C1F1B /* Constants.m in Sources */ = {isa = PBXBuildFile; fileRef = 790B7F461A69C5C8009C1F1B /* Constants.m */; };
		790B7F521A69CA00009C1F1B /* LoginViewController.m in Sources */ = {isa = PBXBuildFile; fileRef = 790B7F511A69CA00009C1F1B /* LoginViewController.m */; };
		790B7F551A69CA0D009C1F1B /* RegistrationViewController.m in Sources */ = {isa = PBXBuildFile; fileRef = 790B7F541A69CA0D009C1F1B /* RegistrationViewController.m */; };
		790B7F581A69CA2C009C1F1B /* ForgotPasswordViewController.m in Sources */ = {isa = PBXBuildFile; fileRef = 790B7F571A69CA2C009C1F1B /* ForgotPasswordViewController.m */; };
		790B7F5B1A69CA3E009C1F1B /* LaunchScreenViewController.m in Sources */ = {isa = PBXBuildFile; fileRef = 790B7F5A1A69CA3E009C1F1B /* LaunchScreenViewController.m */; };
		7942FE311A8FD1E00035F411 /* UIActionSheet+BlockExtensions.m in Sources */ = {isa = PBXBuildFile; fileRef = 7942FE301A8FD1E00035F411 /* UIActionSheet+BlockExtensions.m */; };
		7942FE331A8FF3360035F411 /* no_photo.png in Resources */ = {isa = PBXBuildFile; fileRef = 7942FE321A8FF3360035F411 /* no_photo.png */; };
		794465A81A6A523A00F00F63 /* libsqlite3.0.dylib in Frameworks */ = {isa = PBXBuildFile; fileRef = 794465A71A6A523A00F00F63 /* libsqlite3.0.dylib */; };
		794465AE1A6A529600F00F63 /* Parse.framework in Frameworks */ = {isa = PBXBuildFile; fileRef = 794465A91A6A529600F00F63 /* Parse.framework */; };
		794465AF1A6A529600F00F63 /* ParseUI.framework in Frameworks */ = {isa = PBXBuildFile; fileRef = 794465AA1A6A529600F00F63 /* ParseUI.framework */; };
		794465B01A6A529600F00F63 /* ParseCrashReporting.framework in Frameworks */ = {isa = PBXBuildFile; fileRef = 794465AB1A6A529600F00F63 /* ParseCrashReporting.framework */; };
		794465B11A6A529600F00F63 /* ParseFacebookUtils.framework in Frameworks */ = {isa = PBXBuildFile; fileRef = 794465AC1A6A529600F00F63 /* ParseFacebookUtils.framework */; };
		794465B21A6A529600F00F63 /* Bolts.framework in Frameworks */ = {isa = PBXBuildFile; fileRef = 794465AD1A6A529600F00F63 /* Bolts.framework */; };
		794465B51A6A52C900F00F63 /* AdSupport.framework in Frameworks */ = {isa = PBXBuildFile; fileRef = 794465B41A6A52C900F00F63 /* AdSupport.framework */; };
		794465B71A6A52D500F00F63 /* Social.framework in Frameworks */ = {isa = PBXBuildFile; fileRef = 794465B61A6A52D500F00F63 /* Social.framework */; };
		794465B91A6A52DD00F00F63 /* Accounts.framework in Frameworks */ = {isa = PBXBuildFile; fileRef = 794465B81A6A52DD00F00F63 /* Accounts.framework */; };
		794465BB1A6A52E600F00F63 /* AudioToolbox.framework in Frameworks */ = {isa = PBXBuildFile; fileRef = 794465BA1A6A52E600F00F63 /* AudioToolbox.framework */; };
		794465C11A6A52FD00F00F63 /* CoreLocation.framework in Frameworks */ = {isa = PBXBuildFile; fileRef = 794465C01A6A52FD00F00F63 /* CoreLocation.framework */; };
		794465C51A6A531800F00F63 /* libz.1.1.3.dylib in Frameworks */ = {isa = PBXBuildFile; fileRef = 794465C41A6A531800F00F63 /* libz.1.1.3.dylib */; };
		794465C71A6A532500F00F63 /* libstdc++.6.dylib in Frameworks */ = {isa = PBXBuildFile; fileRef = 794465C61A6A532500F00F63 /* libstdc++.6.dylib */; };
		794465C91A6A532D00F00F63 /* MobileCoreServices.framework in Frameworks */ = {isa = PBXBuildFile; fileRef = 794465C81A6A532D00F00F63 /* MobileCoreServices.framework */; };
		794465CB1A6A533500F00F63 /* QuartzCore.framework in Frameworks */ = {isa = PBXBuildFile; fileRef = 794465CA1A6A533500F00F63 /* QuartzCore.framework */; };
		794465CD1A6A534E00F00F63 /* Security.framework in Frameworks */ = {isa = PBXBuildFile; fileRef = 794465CC1A6A534E00F00F63 /* Security.framework */; };
		794465CF1A6A535700F00F63 /* StoreKit.framework in Frameworks */ = {isa = PBXBuildFile; fileRef = 794465CE1A6A535700F00F63 /* StoreKit.framework */; };
		794465D11A6A536000F00F63 /* SystemConfiguration.framework in Frameworks */ = {isa = PBXBuildFile; fileRef = 794465D01A6A536000F00F63 /* SystemConfiguration.framework */; };
		794465D31A6A536800F00F63 /* UIKit.framework in Frameworks */ = {isa = PBXBuildFile; fileRef = 794465D21A6A536800F00F63 /* UIKit.framework */; };
		794465D61A6A5CE400F00F63 /* StartScreensMainViewController.m in Sources */ = {isa = PBXBuildFile; fileRef = 794465D51A6A5CE400F00F63 /* StartScreensMainViewController.m */; };
		79548FFD1A6C37BB005AE681 /* DataSingletone.m in Sources */ = {isa = PBXBuildFile; fileRef = 79548FFC1A6C37BB005AE681 /* DataSingletone.m */; };
		79736B8E1A9124D20046947E /* addMoney@2x.png in Resources */ = {isa = PBXBuildFile; fileRef = 79736B8D1A9124D20046947E /* addMoney@2x.png */; };
		79736B901A9125260046947E /* addMoney@3x.png in Resources */ = {isa = PBXBuildFile; fileRef = 79736B8F1A9125260046947E /* addMoney@3x.png */; };
		79ABEEC31A827D9A00DCE5F0 /* RMDateSelectionViewController.m in Sources */ = {isa = PBXBuildFile; fileRef = 79ABEEC21A827D9A00DCE5F0 /* RMDateSelectionViewController.m */; };
		8B6A205E1A6AB22100C4FDFE /* DetailTableViewController.m in Sources */ = {isa = PBXBuildFile; fileRef = 8B6A205D1A6AB22100C4FDFE /* DetailTableViewController.m */; };
		8B9E33421A6A32A400CA3778 /* GoalTableViewCell.m in Sources */ = {isa = PBXBuildFile; fileRef = 8B9E33411A6A32A400CA3778 /* GoalTableViewCell.m */; };
		CED0F1671AA1C3D7007C6B70 /* list-fat-7.png in Resources */ = {isa = PBXBuildFile; fileRef = CED0F1641AA1C3D7007C6B70 /* list-fat-7.png */; };
		CED0F1681AA1C3D7007C6B70 /* list-simple-7.png in Resources */ = {isa = PBXBuildFile; fileRef = CED0F1651AA1C3D7007C6B70 /* list-simple-7.png */; };
		CED0F1691AA1C3D7007C6B70 /* list-simple-star-7.png in Resources */ = {isa = PBXBuildFile; fileRef = CED0F1661AA1C3D7007C6B70 /* list-simple-star-7.png */; };
		CED0F16F1AA1CF54007C6B70 /* GoalsViewController.m in Sources */ = {isa = PBXBuildFile; fileRef = CED0F16E1AA1CF54007C6B70 /* GoalsViewController.m */; };
		D3494B6C1A6C0FE60007DD0C /* NewGoalTableViewController.m in Sources */ = {isa = PBXBuildFile; fileRef = D3494B6B1A6C0FE60007DD0C /* NewGoalTableViewController.m */; };
		D3494B711A6C14110007DD0C /* NotificationCenter.framework in Frameworks */ = {isa = PBXBuildFile; fileRef = D3494B701A6C14110007DD0C /* NotificationCenter.framework */; settings = {ATTRIBUTES = (Weak, ); }; };
		DA0DB12A1A923FBC00AAB6AD /* GoalDataModel.xcdatamodeld in Sources */ = {isa = PBXBuildFile; fileRef = DA0DB1281A923FBC00AAB6AD /* GoalDataModel.xcdatamodeld */; };
		DA1A58F01A92226C00EA9DD3 /* CoreData.framework in Frameworks */ = {isa = PBXBuildFile; fileRef = DA1A58EF1A92226C00EA9DD3 /* CoreData.framework */; };
		DA1C35DE1A8124C000A3A931 /* logout@2x.png in Resources */ = {isa = PBXBuildFile; fileRef = DA1C35DD1A8124C000A3A931 /* logout@2x.png */; };
		DA1C35E01A8125BC00A3A931 /* logout@3x.png in Resources */ = {isa = PBXBuildFile; fileRef = DA1C35DF1A8125BC00A3A931 /* logout@3x.png */; };
		DA1FCC841A81024800CA44C7 /* testPic1.png in Resources */ = {isa = PBXBuildFile; fileRef = DA1FCC811A81024800CA44C7 /* testPic1.png */; };
		DA1FCC851A81024800CA44C7 /* testPic2.png in Resources */ = {isa = PBXBuildFile; fileRef = DA1FCC821A81024800CA44C7 /* testPic2.png */; };
		DA1FCC861A81024800CA44C7 /* testPic3.png in Resources */ = {isa = PBXBuildFile; fileRef = DA1FCC831A81024800CA44C7 /* testPic3.png */; };
		DA2AD3D11A90F97F00BA7E4C /* goalInfoCell.m in Sources */ = {isa = PBXBuildFile; fileRef = DA2AD3D01A90F97F00BA7E4C /* goalInfoCell.m */; };
		DA2AD3D81A90F9FD00BA7E4C /* goalOperationsCell.m in Sources */ = {isa = PBXBuildFile; fileRef = DA2AD3D71A90F9FD00BA7E4C /* goalOperationsCell.m */; };
		DA375E6B1A81652400548755 /* CoreGraphics.framework in Frameworks */ = {isa = PBXBuildFile; fileRef = DA375E6A1A81652400548755 /* CoreGraphics.framework */; };
		DA5CB9061A924E2300A66BBF /* MagicalImportFunctions.m in Sources */ = {isa = PBXBuildFile; fileRef = DA5CB8CE1A924E2300A66BBF /* MagicalImportFunctions.m */; };
		DA5CB9071A924E2300A66BBF /* NSAttributeDescription+MagicalDataImport.m in Sources */ = {isa = PBXBuildFile; fileRef = DA5CB8D01A924E2300A66BBF /* NSAttributeDescription+MagicalDataImport.m */; };
		DA5CB9081A924E2300A66BBF /* NSEntityDescription+MagicalDataImport.m in Sources */ = {isa = PBXBuildFile; fileRef = DA5CB8D21A924E2300A66BBF /* NSEntityDescription+MagicalDataImport.m */; };
		DA5CB9091A924E2300A66BBF /* NSNumber+MagicalDataImport.m in Sources */ = {isa = PBXBuildFile; fileRef = DA5CB8D41A924E2300A66BBF /* NSNumber+MagicalDataImport.m */; };
		DA5CB90A1A924E2300A66BBF /* NSObject+MagicalDataImport.m in Sources */ = {isa = PBXBuildFile; fileRef = DA5CB8D61A924E2300A66BBF /* NSObject+MagicalDataImport.m */; };
		DA5CB90B1A924E2300A66BBF /* NSRelationshipDescription+MagicalDataImport.m in Sources */ = {isa = PBXBuildFile; fileRef = DA5CB8D81A924E2300A66BBF /* NSRelationshipDescription+MagicalDataImport.m */; };
		DA5CB90C1A924E2300A66BBF /* NSString+MagicalDataImport.m in Sources */ = {isa = PBXBuildFile; fileRef = DA5CB8DA1A924E2300A66BBF /* NSString+MagicalDataImport.m */; };
		DA5CB90D1A924E2300A66BBF /* NSManagedObject+MagicalAggregation.m in Sources */ = {isa = PBXBuildFile; fileRef = DA5CB8DD1A924E2300A66BBF /* NSManagedObject+MagicalAggregation.m */; };
		DA5CB90E1A924E2300A66BBF /* NSManagedObject+MagicalDataImport.m in Sources */ = {isa = PBXBuildFile; fileRef = DA5CB8DF1A924E2300A66BBF /* NSManagedObject+MagicalDataImport.m */; };
		DA5CB90F1A924E2300A66BBF /* NSManagedObject+MagicalFinders.m in Sources */ = {isa = PBXBuildFile; fileRef = DA5CB8E11A924E2300A66BBF /* NSManagedObject+MagicalFinders.m */; };
		DA5CB9101A924E2300A66BBF /* NSManagedObject+MagicalRecord.m in Sources */ = {isa = PBXBuildFile; fileRef = DA5CB8E31A924E2300A66BBF /* NSManagedObject+MagicalRecord.m */; };
		DA5CB9111A924E2300A66BBF /* NSManagedObject+MagicalRequests.m in Sources */ = {isa = PBXBuildFile; fileRef = DA5CB8E51A924E2300A66BBF /* NSManagedObject+MagicalRequests.m */; };
		DA5CB9121A924E2300A66BBF /* NSManagedObjectContext+MagicalObserving.m in Sources */ = {isa = PBXBuildFile; fileRef = DA5CB8E81A924E2300A66BBF /* NSManagedObjectContext+MagicalObserving.m */; };
		DA5CB9131A924E2300A66BBF /* NSManagedObjectContext+MagicalRecord.m in Sources */ = {isa = PBXBuildFile; fileRef = DA5CB8EA1A924E2300A66BBF /* NSManagedObjectContext+MagicalRecord.m */; };
		DA5CB9141A924E2300A66BBF /* NSManagedObjectContext+MagicalSaves.m in Sources */ = {isa = PBXBuildFile; fileRef = DA5CB8EC1A924E2300A66BBF /* NSManagedObjectContext+MagicalSaves.m */; };
		DA5CB9151A924E2300A66BBF /* NSManagedObjectContext+MagicalThreading.m in Sources */ = {isa = PBXBuildFile; fileRef = DA5CB8EE1A924E2300A66BBF /* NSManagedObjectContext+MagicalThreading.m */; };
		DA5CB9161A924E2300A66BBF /* NSManagedObjectModel+MagicalRecord.m in Sources */ = {isa = PBXBuildFile; fileRef = DA5CB8F01A924E2300A66BBF /* NSManagedObjectModel+MagicalRecord.m */; };
		DA5CB9171A924E2300A66BBF /* NSPersistentStore+MagicalRecord.m in Sources */ = {isa = PBXBuildFile; fileRef = DA5CB8F21A924E2300A66BBF /* NSPersistentStore+MagicalRecord.m */; };
		DA5CB9181A924E2300A66BBF /* NSPersistentStoreCoordinator+MagicalRecord.m in Sources */ = {isa = PBXBuildFile; fileRef = DA5CB8F41A924E2300A66BBF /* NSPersistentStoreCoordinator+MagicalRecord.m */; };
		DA5CB9191A924E2300A66BBF /* MagicalRecord+Actions.m in Sources */ = {isa = PBXBuildFile; fileRef = DA5CB8F71A924E2300A66BBF /* MagicalRecord+Actions.m */; };
		DA5CB91A1A924E2300A66BBF /* MagicalRecord+ErrorHandling.m in Sources */ = {isa = PBXBuildFile; fileRef = DA5CB8F91A924E2300A66BBF /* MagicalRecord+ErrorHandling.m */; };
		DA5CB91B1A924E2300A66BBF /* MagicalRecord+iCloud.m in Sources */ = {isa = PBXBuildFile; fileRef = DA5CB8FB1A924E2300A66BBF /* MagicalRecord+iCloud.m */; };
		DA5CB91C1A924E2300A66BBF /* MagicalRecord+Options.m in Sources */ = {isa = PBXBuildFile; fileRef = DA5CB8FD1A924E2300A66BBF /* MagicalRecord+Options.m */; };
		DA5CB91D1A924E2300A66BBF /* MagicalRecord+Setup.m in Sources */ = {isa = PBXBuildFile; fileRef = DA5CB8FF1A924E2300A66BBF /* MagicalRecord+Setup.m */; };
		DA5CB91E1A924E2300A66BBF /* MagicalRecord+ShorthandSupport.m in Sources */ = {isa = PBXBuildFile; fileRef = DA5CB9011A924E2300A66BBF /* MagicalRecord+ShorthandSupport.m */; };
		DA5CB91F1A924E2300A66BBF /* MagicalRecord.m in Sources */ = {isa = PBXBuildFile; fileRef = DA5CB9031A924E2300A66BBF /* MagicalRecord.m */; };
		DA6308981A77C13D00F7AB08 /* AddAndEditGoalCell.m in Sources */ = {isa = PBXBuildFile; fileRef = DA6308971A77C13D00F7AB08 /* AddAndEditGoalCell.m */; };
		DA63089A1A77CAF300F7AB08 /* photoPic@2x.png in Resources */ = {isa = PBXBuildFile; fileRef = DA6308991A77CAF300F7AB08 /* photoPic@2x.png */; };
		DA87F4B01A9B89A60085F7F9 /* SCLAlertView.m in Sources */ = {isa = PBXBuildFile; fileRef = DA87F4A71A9B89A60085F7F9 /* SCLAlertView.m */; };
		DA87F4B11A9B89A60085F7F9 /* SCLAlertViewResponder.m in Sources */ = {isa = PBXBuildFile; fileRef = DA87F4A91A9B89A60085F7F9 /* SCLAlertViewResponder.m */; };
		DA87F4B21A9B89A60085F7F9 /* SCLAlertViewStyleKit.m in Sources */ = {isa = PBXBuildFile; fileRef = DA87F4AB1A9B89A60085F7F9 /* SCLAlertViewStyleKit.m */; };
		DA87F4B31A9B89A60085F7F9 /* SCLButton.m in Sources */ = {isa = PBXBuildFile; fileRef = DA87F4AD1A9B89A60085F7F9 /* SCLButton.m */; };
		DA87F4B41A9B89A60085F7F9 /* UIImage+ImageEffects.m in Sources */ = {isa = PBXBuildFile; fileRef = DA87F4AF1A9B89A60085F7F9 /* UIImage+ImageEffects.m */; };
		DA8AB2751AA0E46F006CB011 /* bg.png in Resources */ = {isa = PBXBuildFile; fileRef = DA8AB2741AA0E46F006CB011 /* bg.png */; };
		DA8AB2771AA0E82D006CB011 /* loginPic@2x.png in Resources */ = {isa = PBXBuildFile; fileRef = DA8AB2761AA0E82D006CB011 /* loginPic@2x.png */; };
		DA8AB2791AA0E922006CB011 /* passPic@2x.png in Resources */ = {isa = PBXBuildFile; fileRef = DA8AB2781AA0E922006CB011 /* passPic@2x.png */; };
		DA8AB27B1AA0F6FA006CB011 /* emalPic.png in Resources */ = {isa = PBXBuildFile; fileRef = DA8AB27A1AA0F6FA006CB011 /* emalPic.png */; };
		DA8AB27D1AA0FB93006CB011 /* logo.png in Resources */ = {isa = PBXBuildFile; fileRef = DA8AB27C1AA0FB93006CB011 /* logo.png */; };
		DA9D5F7D1A81618D00820E47 /* CFNetwork.framework in Frameworks */ = {isa = PBXBuildFile; fileRef = DA9D5F7C1A81618D00820E47 /* CFNetwork.framework */; settings = {ATTRIBUTES = (Required, ); }; };
		DA9D5F7F1A81619800820E47 /* Foundation.framework in Frameworks */ = {isa = PBXBuildFile; fileRef = DA9D5F7E1A81619800820E47 /* Foundation.framework */; };
		DA9D5F811A8161E500820E47 /* CoreFoundation.framework in Frameworks */ = {isa = PBXBuildFile; fileRef = DA9D5F801A8161E500820E47 /* CoreFoundation.framework */; settings = {ATTRIBUTES = (Weak, ); }; };
		DA9D5F831A8162C200820E47 /* LocalAuthentication.framework in Frameworks */ = {isa = PBXBuildFile; fileRef = DA9D5F821A8162C200820E47 /* LocalAuthentication.framework */; settings = {ATTRIBUTES = (Weak, ); }; };
		DA9E2FE91A80E55D00BC08B2 /* OpenSans-Regular.ttf in Resources */ = {isa = PBXBuildFile; fileRef = DA9E2FE71A80E55A00BC08B2 /* OpenSans-Regular.ttf */; };
		DA9E2FEA1A80E55E00BC08B2 /* OpenSans-Regular.ttf in Resources */ = {isa = PBXBuildFile; fileRef = DA9E2FE71A80E55A00BC08B2 /* OpenSans-Regular.ttf */; };
		DA9E2FEB1A80E56000BC08B2 /* OpenSans-Semibold.ttf in Resources */ = {isa = PBXBuildFile; fileRef = DA9E2FE81A80E55A00BC08B2 /* OpenSans-Semibold.ttf */; };
		DA9E2FEC1A80E56100BC08B2 /* OpenSans-Semibold.ttf in Resources */ = {isa = PBXBuildFile; fileRef = DA9E2FE81A80E55A00BC08B2 /* OpenSans-Semibold.ttf */; };
		DABF0E5C1A6AD96800105669 /* KAProgressLabel.m in Sources */ = {isa = PBXBuildFile; fileRef = DABF0E591A6AD96800105669 /* KAProgressLabel.m */; };
		DABF0E5D1A6AD96800105669 /* TPPropertyAnimation.m in Sources */ = {isa = PBXBuildFile; fileRef = DABF0E5B1A6AD96800105669 /* TPPropertyAnimation.m */; };
		DAC6D2EF1A9936CC002AE5F8 /* GoalOperations.m in Sources */ = {isa = PBXBuildFile; fileRef = DAC6D2EE1A9936CC002AE5F8 /* GoalOperations.m */; };
		DAC6D2F21A9936CC002AE5F8 /* Goal.m in Sources */ = {isa = PBXBuildFile; fileRef = DAC6D2F11A9936CC002AE5F8 /* Goal.m */; };
		DAE391E21A82236C00B60CC2 /* goalName.png in Resources */ = {isa = PBXBuildFile; fileRef = DAE391E11A82236C00B60CC2 /* goalName.png */; };
		DAE391E41A82262D00B60CC2 /* goalTotalSum.png in Resources */ = {isa = PBXBuildFile; fileRef = DAE391E31A82262D00B60CC2 /* goalTotalSum.png */; };
		DAE391E61A822A0C00B60CC2 /* goalCurrentSum.png in Resources */ = {isa = PBXBuildFile; fileRef = DAE391E51A822A0C00B60CC2 /* goalCurrentSum.png */; };
		DAE391E81A822AC400B60CC2 /* goalExpDate.png in Resources */ = {isa = PBXBuildFile; fileRef = DAE391E71A822AC400B60CC2 /* goalExpDate.png */; };
		DAE391EA1A82345500B60CC2 /* goalPic.png in Resources */ = {isa = PBXBuildFile; fileRef = DAE391E91A82345500B60CC2 /* goalPic.png */; };
		DAE448771A6B15F20041F449 /* Roboto-Medium.ttf in Resources */ = {isa = PBXBuildFile; fileRef = DAE448741A6B15EF0041F449 /* Roboto-Medium.ttf */; };
		DAE448781A6B15F20041F449 /* Roboto-Medium.ttf in Resources */ = {isa = PBXBuildFile; fileRef = DAE448741A6B15EF0041F449 /* Roboto-Medium.ttf */; };
		DAE448791A6B15F40041F449 /* Roboto-Regular.ttf in Resources */ = {isa = PBXBuildFile; fileRef = DAE448751A6B15EF0041F449 /* Roboto-Regular.ttf */; };
		DAE4487A1A6B15F50041F449 /* Roboto-Regular.ttf in Resources */ = {isa = PBXBuildFile; fileRef = DAE448751A6B15EF0041F449 /* Roboto-Regular.ttf */; };
		DAE4487B1A6B15F70041F449 /* Roboto-Light.ttf in Resources */ = {isa = PBXBuildFile; fileRef = DAE448761A6B15EF0041F449 /* Roboto-Light.ttf */; };
		DAE4487C1A6B15F70041F449 /* Roboto-Light.ttf in Resources */ = {isa = PBXBuildFile; fileRef = DAE448761A6B15EF0041F449 /* Roboto-Light.ttf */; };
		DAFB806B1A6C4EFA006F28DF /* arrowForward.png in Resources */ = {isa = PBXBuildFile; fileRef = DAFB80691A6C4EFA006F28DF /* arrowForward.png */; };
		DAFB806E1A6C4FB9006F28DF /* arrowBack.png in Resources */ = {isa = PBXBuildFile; fileRef = DAFB806D1A6C4FB9006F28DF /* arrowBack.png */; };
/* End PBXBuildFile section */

/* Begin PBXContainerItemProxy section */
		790B7F331A69C3AE009C1F1B /* PBXContainerItemProxy */ = {
			isa = PBXContainerItemProxy;
			containerPortal = 790B7F111A69C3AE009C1F1B /* Project object */;
			proxyType = 1;
			remoteGlobalIDString = 790B7F181A69C3AE009C1F1B;
			remoteInfo = catchGoal;
		};
/* End PBXContainerItemProxy section */

/* Begin PBXFileReference section */
		790B7F191A69C3AE009C1F1B /* catchGoal.app */ = {isa = PBXFileReference; explicitFileType = wrapper.application; includeInIndex = 0; path = catchGoal.app; sourceTree = BUILT_PRODUCTS_DIR; };
		790B7F1D1A69C3AE009C1F1B /* Info.plist */ = {isa = PBXFileReference; lastKnownFileType = text.plist.xml; path = Info.plist; sourceTree = "<group>"; };
		790B7F1E1A69C3AE009C1F1B /* main.m */ = {isa = PBXFileReference; lastKnownFileType = sourcecode.c.objc; path = main.m; sourceTree = "<group>"; };
		790B7F201A69C3AE009C1F1B /* AppDelegate.h */ = {isa = PBXFileReference; lastKnownFileType = sourcecode.c.h; path = AppDelegate.h; sourceTree = "<group>"; };
		790B7F211A69C3AE009C1F1B /* AppDelegate.m */ = {isa = PBXFileReference; lastKnownFileType = sourcecode.c.objc; path = AppDelegate.m; sourceTree = "<group>"; };
		790B7F271A69C3AE009C1F1B /* Base */ = {isa = PBXFileReference; lastKnownFileType = file.storyboard; name = Base; path = Base.lproj/Main.storyboard; sourceTree = "<group>"; };
		790B7F291A69C3AE009C1F1B /* Images.xcassets */ = {isa = PBXFileReference; lastKnownFileType = folder.assetcatalog; path = Images.xcassets; sourceTree = "<group>"; };
		790B7F2C1A69C3AE009C1F1B /* Base */ = {isa = PBXFileReference; lastKnownFileType = file.xib; name = Base; path = Base.lproj/LaunchScreen.xib; sourceTree = "<group>"; };
		790B7F321A69C3AE009C1F1B /* catchGoalTests.xctest */ = {isa = PBXFileReference; explicitFileType = wrapper.cfbundle; includeInIndex = 0; path = catchGoalTests.xctest; sourceTree = BUILT_PRODUCTS_DIR; };
		790B7F371A69C3AE009C1F1B /* Info.plist */ = {isa = PBXFileReference; lastKnownFileType = text.plist.xml; path = Info.plist; sourceTree = "<group>"; };
		790B7F381A69C3AE009C1F1B /* catchGoalTests.m */ = {isa = PBXFileReference; lastKnownFileType = sourcecode.c.objc; path = catchGoalTests.m; sourceTree = "<group>"; };
		790B7F451A69C5C8009C1F1B /* Constants.h */ = {isa = PBXFileReference; fileEncoding = 4; lastKnownFileType = sourcecode.c.h; path = Constants.h; sourceTree = "<group>"; };
		790B7F461A69C5C8009C1F1B /* Constants.m */ = {isa = PBXFileReference; fileEncoding = 4; lastKnownFileType = sourcecode.c.objc; path = Constants.m; sourceTree = "<group>"; };
		790B7F4F1A69C62E009C1F1B /* catchGoal-Prefix.pch */ = {isa = PBXFileReference; fileEncoding = 4; lastKnownFileType = sourcecode.c.h; path = "catchGoal-Prefix.pch"; sourceTree = "<group>"; };
		790B7F501A69CA00009C1F1B /* LoginViewController.h */ = {isa = PBXFileReference; fileEncoding = 4; lastKnownFileType = sourcecode.c.h; path = LoginViewController.h; sourceTree = "<group>"; };
		790B7F511A69CA00009C1F1B /* LoginViewController.m */ = {isa = PBXFileReference; fileEncoding = 4; lastKnownFileType = sourcecode.c.objc; path = LoginViewController.m; sourceTree = "<group>"; };
		790B7F531A69CA0D009C1F1B /* RegistrationViewController.h */ = {isa = PBXFileReference; fileEncoding = 4; lastKnownFileType = sourcecode.c.h; path = RegistrationViewController.h; sourceTree = "<group>"; };
		790B7F541A69CA0D009C1F1B /* RegistrationViewController.m */ = {isa = PBXFileReference; fileEncoding = 4; lastKnownFileType = sourcecode.c.objc; path = RegistrationViewController.m; sourceTree = "<group>"; };
		790B7F561A69CA2C009C1F1B /* ForgotPasswordViewController.h */ = {isa = PBXFileReference; fileEncoding = 4; lastKnownFileType = sourcecode.c.h; path = ForgotPasswordViewController.h; sourceTree = "<group>"; };
		790B7F571A69CA2C009C1F1B /* ForgotPasswordViewController.m */ = {isa = PBXFileReference; fileEncoding = 4; lastKnownFileType = sourcecode.c.objc; path = ForgotPasswordViewController.m; sourceTree = "<group>"; };
		790B7F591A69CA3E009C1F1B /* LaunchScreenViewController.h */ = {isa = PBXFileReference; fileEncoding = 4; lastKnownFileType = sourcecode.c.h; path = LaunchScreenViewController.h; sourceTree = "<group>"; };
		790B7F5A1A69CA3E009C1F1B /* LaunchScreenViewController.m */ = {isa = PBXFileReference; fileEncoding = 4; lastKnownFileType = sourcecode.c.objc; path = LaunchScreenViewController.m; sourceTree = "<group>"; };
		7942FE2F1A8FD1E00035F411 /* UIActionSheet+BlockExtensions.h */ = {isa = PBXFileReference; fileEncoding = 4; lastKnownFileType = sourcecode.c.h; path = "UIActionSheet+BlockExtensions.h"; sourceTree = "<group>"; };
		7942FE301A8FD1E00035F411 /* UIActionSheet+BlockExtensions.m */ = {isa = PBXFileReference; fileEncoding = 4; lastKnownFileType = sourcecode.c.objc; path = "UIActionSheet+BlockExtensions.m"; sourceTree = "<group>"; };
		7942FE321A8FF3360035F411 /* no_photo.png */ = {isa = PBXFileReference; lastKnownFileType = image.png; path = no_photo.png; sourceTree = "<group>"; };
		794465A71A6A523A00F00F63 /* libsqlite3.0.dylib */ = {isa = PBXFileReference; lastKnownFileType = "compiled.mach-o.dylib"; name = libsqlite3.0.dylib; path = usr/lib/libsqlite3.0.dylib; sourceTree = SDKROOT; };
		794465A91A6A529600F00F63 /* Parse.framework */ = {isa = PBXFileReference; lastKnownFileType = wrapper.framework; path = Parse.framework; sourceTree = "<group>"; };
		794465AA1A6A529600F00F63 /* ParseUI.framework */ = {isa = PBXFileReference; lastKnownFileType = wrapper.framework; path = ParseUI.framework; sourceTree = "<group>"; };
		794465AB1A6A529600F00F63 /* ParseCrashReporting.framework */ = {isa = PBXFileReference; lastKnownFileType = wrapper.framework; path = ParseCrashReporting.framework; sourceTree = "<group>"; };
		794465AC1A6A529600F00F63 /* ParseFacebookUtils.framework */ = {isa = PBXFileReference; lastKnownFileType = wrapper.framework; path = ParseFacebookUtils.framework; sourceTree = "<group>"; };
		794465AD1A6A529600F00F63 /* Bolts.framework */ = {isa = PBXFileReference; lastKnownFileType = wrapper.framework; path = Bolts.framework; sourceTree = "<group>"; };
		794465B41A6A52C900F00F63 /* AdSupport.framework */ = {isa = PBXFileReference; lastKnownFileType = wrapper.framework; name = AdSupport.framework; path = System/Library/Frameworks/AdSupport.framework; sourceTree = SDKROOT; };
		794465B61A6A52D500F00F63 /* Social.framework */ = {isa = PBXFileReference; lastKnownFileType = wrapper.framework; name = Social.framework; path = System/Library/Frameworks/Social.framework; sourceTree = SDKROOT; };
		794465B81A6A52DD00F00F63 /* Accounts.framework */ = {isa = PBXFileReference; lastKnownFileType = wrapper.framework; name = Accounts.framework; path = System/Library/Frameworks/Accounts.framework; sourceTree = SDKROOT; };
		794465BA1A6A52E600F00F63 /* AudioToolbox.framework */ = {isa = PBXFileReference; lastKnownFileType = wrapper.framework; name = AudioToolbox.framework; path = System/Library/Frameworks/AudioToolbox.framework; sourceTree = SDKROOT; };
		794465C01A6A52FD00F00F63 /* CoreLocation.framework */ = {isa = PBXFileReference; lastKnownFileType = wrapper.framework; name = CoreLocation.framework; path = System/Library/Frameworks/CoreLocation.framework; sourceTree = SDKROOT; };
		794465C41A6A531800F00F63 /* libz.1.1.3.dylib */ = {isa = PBXFileReference; lastKnownFileType = "compiled.mach-o.dylib"; name = libz.1.1.3.dylib; path = usr/lib/libz.1.1.3.dylib; sourceTree = SDKROOT; };
		794465C61A6A532500F00F63 /* libstdc++.6.dylib */ = {isa = PBXFileReference; lastKnownFileType = "compiled.mach-o.dylib"; name = "libstdc++.6.dylib"; path = "usr/lib/libstdc++.6.dylib"; sourceTree = SDKROOT; };
		794465C81A6A532D00F00F63 /* MobileCoreServices.framework */ = {isa = PBXFileReference; lastKnownFileType = wrapper.framework; name = MobileCoreServices.framework; path = System/Library/Frameworks/MobileCoreServices.framework; sourceTree = SDKROOT; };
		794465CA1A6A533500F00F63 /* QuartzCore.framework */ = {isa = PBXFileReference; lastKnownFileType = wrapper.framework; name = QuartzCore.framework; path = System/Library/Frameworks/QuartzCore.framework; sourceTree = SDKROOT; };
		794465CC1A6A534E00F00F63 /* Security.framework */ = {isa = PBXFileReference; lastKnownFileType = wrapper.framework; name = Security.framework; path = System/Library/Frameworks/Security.framework; sourceTree = SDKROOT; };
		794465CE1A6A535700F00F63 /* StoreKit.framework */ = {isa = PBXFileReference; lastKnownFileType = wrapper.framework; name = StoreKit.framework; path = System/Library/Frameworks/StoreKit.framework; sourceTree = SDKROOT; };
		794465D01A6A536000F00F63 /* SystemConfiguration.framework */ = {isa = PBXFileReference; lastKnownFileType = wrapper.framework; name = SystemConfiguration.framework; path = System/Library/Frameworks/SystemConfiguration.framework; sourceTree = SDKROOT; };
		794465D21A6A536800F00F63 /* UIKit.framework */ = {isa = PBXFileReference; lastKnownFileType = wrapper.framework; name = UIKit.framework; path = System/Library/Frameworks/UIKit.framework; sourceTree = SDKROOT; };
		794465D41A6A5CE400F00F63 /* StartScreensMainViewController.h */ = {isa = PBXFileReference; fileEncoding = 4; lastKnownFileType = sourcecode.c.h; path = StartScreensMainViewController.h; sourceTree = "<group>"; };
		794465D51A6A5CE400F00F63 /* StartScreensMainViewController.m */ = {isa = PBXFileReference; fileEncoding = 4; lastKnownFileType = sourcecode.c.objc; path = StartScreensMainViewController.m; sourceTree = "<group>"; };
		79548FFB1A6C37BB005AE681 /* DataSingletone.h */ = {isa = PBXFileReference; fileEncoding = 4; lastKnownFileType = sourcecode.c.h; path = DataSingletone.h; sourceTree = "<group>"; };
		79548FFC1A6C37BB005AE681 /* DataSingletone.m */ = {isa = PBXFileReference; fileEncoding = 4; lastKnownFileType = sourcecode.c.objc; path = DataSingletone.m; sourceTree = "<group>"; };
		79736B8D1A9124D20046947E /* addMoney@2x.png */ = {isa = PBXFileReference; lastKnownFileType = image.png; path = "addMoney@2x.png"; sourceTree = "<group>"; };
		79736B8F1A9125260046947E /* addMoney@3x.png */ = {isa = PBXFileReference; lastKnownFileType = image.png; path = "addMoney@3x.png"; sourceTree = "<group>"; };
		79ABEEC11A827D9A00DCE5F0 /* RMDateSelectionViewController.h */ = {isa = PBXFileReference; fileEncoding = 4; lastKnownFileType = sourcecode.c.h; path = RMDateSelectionViewController.h; sourceTree = "<group>"; };
		79ABEEC21A827D9A00DCE5F0 /* RMDateSelectionViewController.m */ = {isa = PBXFileReference; fileEncoding = 4; lastKnownFileType = sourcecode.c.objc; path = RMDateSelectionViewController.m; sourceTree = "<group>"; };
		8B6A205C1A6AB22100C4FDFE /* DetailTableViewController.h */ = {isa = PBXFileReference; fileEncoding = 4; lastKnownFileType = sourcecode.c.h; path = DetailTableViewController.h; sourceTree = "<group>"; };
		8B6A205D1A6AB22100C4FDFE /* DetailTableViewController.m */ = {isa = PBXFileReference; fileEncoding = 4; lastKnownFileType = sourcecode.c.objc; path = DetailTableViewController.m; sourceTree = "<group>"; };
		8B9E33401A6A32A400CA3778 /* GoalTableViewCell.h */ = {isa = PBXFileReference; fileEncoding = 4; lastKnownFileType = sourcecode.c.h; path = GoalTableViewCell.h; sourceTree = "<group>"; };
		8B9E33411A6A32A400CA3778 /* GoalTableViewCell.m */ = {isa = PBXFileReference; fileEncoding = 4; lastKnownFileType = sourcecode.c.objc; path = GoalTableViewCell.m; sourceTree = "<group>"; };
		CED0F1641AA1C3D7007C6B70 /* list-fat-7.png */ = {isa = PBXFileReference; lastKnownFileType = image.png; path = "list-fat-7.png"; sourceTree = "<group>"; };
		CED0F1651AA1C3D7007C6B70 /* list-simple-7.png */ = {isa = PBXFileReference; lastKnownFileType = image.png; path = "list-simple-7.png"; sourceTree = "<group>"; };
		CED0F1661AA1C3D7007C6B70 /* list-simple-star-7.png */ = {isa = PBXFileReference; lastKnownFileType = image.png; path = "list-simple-star-7.png"; sourceTree = "<group>"; };
		CED0F16D1AA1CF54007C6B70 /* GoalsViewController.h */ = {isa = PBXFileReference; fileEncoding = 4; lastKnownFileType = sourcecode.c.h; path = GoalsViewController.h; sourceTree = "<group>"; };
		CED0F16E1AA1CF54007C6B70 /* GoalsViewController.m */ = {isa = PBXFileReference; fileEncoding = 4; lastKnownFileType = sourcecode.c.objc; path = GoalsViewController.m; sourceTree = "<group>"; };
		D3494B6A1A6C0FE60007DD0C /* NewGoalTableViewController.h */ = {isa = PBXFileReference; fileEncoding = 4; lastKnownFileType = sourcecode.c.h; path = NewGoalTableViewController.h; sourceTree = "<group>"; };
		D3494B6B1A6C0FE60007DD0C /* NewGoalTableViewController.m */ = {isa = PBXFileReference; fileEncoding = 4; lastKnownFileType = sourcecode.c.objc; path = NewGoalTableViewController.m; sourceTree = "<group>"; };
		D3494B701A6C14110007DD0C /* NotificationCenter.framework */ = {isa = PBXFileReference; lastKnownFileType = wrapper.framework; name = NotificationCenter.framework; path = System/Library/Frameworks/NotificationCenter.framework; sourceTree = SDKROOT; };
		DA0DB1291A923FBC00AAB6AD /* GoalDataModel.xcdatamodel */ = {isa = PBXFileReference; lastKnownFileType = wrapper.xcdatamodel; path = GoalDataModel.xcdatamodel; sourceTree = "<group>"; };
		DA1A58EF1A92226C00EA9DD3 /* CoreData.framework */ = {isa = PBXFileReference; lastKnownFileType = wrapper.framework; name = CoreData.framework; path = System/Library/Frameworks/CoreData.framework; sourceTree = SDKROOT; };
		DA1A59301A9222CC00EA9DD3 /* CoreData+MagicalRecord.h */ = {isa = PBXFileReference; fileEncoding = 4; lastKnownFileType = sourcecode.c.h; path = "CoreData+MagicalRecord.h"; sourceTree = "<group>"; };
		DA1C35DD1A8124C000A3A931 /* logout@2x.png */ = {isa = PBXFileReference; lastKnownFileType = image.png; path = "logout@2x.png"; sourceTree = "<group>"; };
		DA1C35DF1A8125BC00A3A931 /* logout@3x.png */ = {isa = PBXFileReference; lastKnownFileType = image.png; path = "logout@3x.png"; sourceTree = "<group>"; };
		DA1FCC811A81024800CA44C7 /* testPic1.png */ = {isa = PBXFileReference; lastKnownFileType = image.png; path = testPic1.png; sourceTree = "<group>"; };
		DA1FCC821A81024800CA44C7 /* testPic2.png */ = {isa = PBXFileReference; lastKnownFileType = image.png; path = testPic2.png; sourceTree = "<group>"; };
		DA1FCC831A81024800CA44C7 /* testPic3.png */ = {isa = PBXFileReference; lastKnownFileType = image.png; path = testPic3.png; sourceTree = "<group>"; };
		DA2AD3CF1A90F97F00BA7E4C /* goalInfoCell.h */ = {isa = PBXFileReference; fileEncoding = 4; lastKnownFileType = sourcecode.c.h; path = goalInfoCell.h; sourceTree = "<group>"; };
		DA2AD3D01A90F97F00BA7E4C /* goalInfoCell.m */ = {isa = PBXFileReference; fileEncoding = 4; lastKnownFileType = sourcecode.c.objc; path = goalInfoCell.m; sourceTree = "<group>"; };
		DA2AD3D61A90F9FD00BA7E4C /* goalOperationsCell.h */ = {isa = PBXFileReference; fileEncoding = 4; lastKnownFileType = sourcecode.c.h; path = goalOperationsCell.h; sourceTree = "<group>"; };
		DA2AD3D71A90F9FD00BA7E4C /* goalOperationsCell.m */ = {isa = PBXFileReference; fileEncoding = 4; lastKnownFileType = sourcecode.c.objc; path = goalOperationsCell.m; sourceTree = "<group>"; };
		DA375E6A1A81652400548755 /* CoreGraphics.framework */ = {isa = PBXFileReference; lastKnownFileType = wrapper.framework; name = CoreGraphics.framework; path = System/Library/Frameworks/CoreGraphics.framework; sourceTree = SDKROOT; };
		DA5CB8CD1A924E2300A66BBF /* MagicalImportFunctions.h */ = {isa = PBXFileReference; fileEncoding = 4; lastKnownFileType = sourcecode.c.h; path = MagicalImportFunctions.h; sourceTree = "<group>"; };
		DA5CB8CE1A924E2300A66BBF /* MagicalImportFunctions.m */ = {isa = PBXFileReference; fileEncoding = 4; lastKnownFileType = sourcecode.c.objc; path = MagicalImportFunctions.m; sourceTree = "<group>"; };
		DA5CB8CF1A924E2300A66BBF /* NSAttributeDescription+MagicalDataImport.h */ = {isa = PBXFileReference; fileEncoding = 4; lastKnownFileType = sourcecode.c.h; path = "NSAttributeDescription+MagicalDataImport.h"; sourceTree = "<group>"; };
		DA5CB8D01A924E2300A66BBF /* NSAttributeDescription+MagicalDataImport.m */ = {isa = PBXFileReference; fileEncoding = 4; lastKnownFileType = sourcecode.c.objc; path = "NSAttributeDescription+MagicalDataImport.m"; sourceTree = "<group>"; };
		DA5CB8D11A924E2300A66BBF /* NSEntityDescription+MagicalDataImport.h */ = {isa = PBXFileReference; fileEncoding = 4; lastKnownFileType = sourcecode.c.h; path = "NSEntityDescription+MagicalDataImport.h"; sourceTree = "<group>"; };
		DA5CB8D21A924E2300A66BBF /* NSEntityDescription+MagicalDataImport.m */ = {isa = PBXFileReference; fileEncoding = 4; lastKnownFileType = sourcecode.c.objc; path = "NSEntityDescription+MagicalDataImport.m"; sourceTree = "<group>"; };
		DA5CB8D31A924E2300A66BBF /* NSNumber+MagicalDataImport.h */ = {isa = PBXFileReference; fileEncoding = 4; lastKnownFileType = sourcecode.c.h; path = "NSNumber+MagicalDataImport.h"; sourceTree = "<group>"; };
		DA5CB8D41A924E2300A66BBF /* NSNumber+MagicalDataImport.m */ = {isa = PBXFileReference; fileEncoding = 4; lastKnownFileType = sourcecode.c.objc; path = "NSNumber+MagicalDataImport.m"; sourceTree = "<group>"; };
		DA5CB8D51A924E2300A66BBF /* NSObject+MagicalDataImport.h */ = {isa = PBXFileReference; fileEncoding = 4; lastKnownFileType = sourcecode.c.h; path = "NSObject+MagicalDataImport.h"; sourceTree = "<group>"; };
		DA5CB8D61A924E2300A66BBF /* NSObject+MagicalDataImport.m */ = {isa = PBXFileReference; fileEncoding = 4; lastKnownFileType = sourcecode.c.objc; path = "NSObject+MagicalDataImport.m"; sourceTree = "<group>"; };
		DA5CB8D71A924E2300A66BBF /* NSRelationshipDescription+MagicalDataImport.h */ = {isa = PBXFileReference; fileEncoding = 4; lastKnownFileType = sourcecode.c.h; path = "NSRelationshipDescription+MagicalDataImport.h"; sourceTree = "<group>"; };
		DA5CB8D81A924E2300A66BBF /* NSRelationshipDescription+MagicalDataImport.m */ = {isa = PBXFileReference; fileEncoding = 4; lastKnownFileType = sourcecode.c.objc; path = "NSRelationshipDescription+MagicalDataImport.m"; sourceTree = "<group>"; };
		DA5CB8D91A924E2300A66BBF /* NSString+MagicalDataImport.h */ = {isa = PBXFileReference; fileEncoding = 4; lastKnownFileType = sourcecode.c.h; path = "NSString+MagicalDataImport.h"; sourceTree = "<group>"; };
		DA5CB8DA1A924E2300A66BBF /* NSString+MagicalDataImport.m */ = {isa = PBXFileReference; fileEncoding = 4; lastKnownFileType = sourcecode.c.objc; path = "NSString+MagicalDataImport.m"; sourceTree = "<group>"; };
		DA5CB8DC1A924E2300A66BBF /* NSManagedObject+MagicalAggregation.h */ = {isa = PBXFileReference; fileEncoding = 4; lastKnownFileType = sourcecode.c.h; path = "NSManagedObject+MagicalAggregation.h"; sourceTree = "<group>"; };
		DA5CB8DD1A924E2300A66BBF /* NSManagedObject+MagicalAggregation.m */ = {isa = PBXFileReference; fileEncoding = 4; lastKnownFileType = sourcecode.c.objc; path = "NSManagedObject+MagicalAggregation.m"; sourceTree = "<group>"; };
		DA5CB8DE1A924E2300A66BBF /* NSManagedObject+MagicalDataImport.h */ = {isa = PBXFileReference; fileEncoding = 4; lastKnownFileType = sourcecode.c.h; path = "NSManagedObject+MagicalDataImport.h"; sourceTree = "<group>"; };
		DA5CB8DF1A924E2300A66BBF /* NSManagedObject+MagicalDataImport.m */ = {isa = PBXFileReference; fileEncoding = 4; lastKnownFileType = sourcecode.c.objc; path = "NSManagedObject+MagicalDataImport.m"; sourceTree = "<group>"; };
		DA5CB8E01A924E2300A66BBF /* NSManagedObject+MagicalFinders.h */ = {isa = PBXFileReference; fileEncoding = 4; lastKnownFileType = sourcecode.c.h; path = "NSManagedObject+MagicalFinders.h"; sourceTree = "<group>"; };
		DA5CB8E11A924E2300A66BBF /* NSManagedObject+MagicalFinders.m */ = {isa = PBXFileReference; fileEncoding = 4; lastKnownFileType = sourcecode.c.objc; path = "NSManagedObject+MagicalFinders.m"; sourceTree = "<group>"; };
		DA5CB8E21A924E2300A66BBF /* NSManagedObject+MagicalRecord.h */ = {isa = PBXFileReference; fileEncoding = 4; lastKnownFileType = sourcecode.c.h; path = "NSManagedObject+MagicalRecord.h"; sourceTree = "<group>"; };
		DA5CB8E31A924E2300A66BBF /* NSManagedObject+MagicalRecord.m */ = {isa = PBXFileReference; fileEncoding = 4; lastKnownFileType = sourcecode.c.objc; path = "NSManagedObject+MagicalRecord.m"; sourceTree = "<group>"; };
		DA5CB8E41A924E2300A66BBF /* NSManagedObject+MagicalRequests.h */ = {isa = PBXFileReference; fileEncoding = 4; lastKnownFileType = sourcecode.c.h; path = "NSManagedObject+MagicalRequests.h"; sourceTree = "<group>"; };
		DA5CB8E51A924E2300A66BBF /* NSManagedObject+MagicalRequests.m */ = {isa = PBXFileReference; fileEncoding = 4; lastKnownFileType = sourcecode.c.objc; path = "NSManagedObject+MagicalRequests.m"; sourceTree = "<group>"; };
		DA5CB8E71A924E2300A66BBF /* NSManagedObjectContext+MagicalObserving.h */ = {isa = PBXFileReference; fileEncoding = 4; lastKnownFileType = sourcecode.c.h; path = "NSManagedObjectContext+MagicalObserving.h"; sourceTree = "<group>"; };
		DA5CB8E81A924E2300A66BBF /* NSManagedObjectContext+MagicalObserving.m */ = {isa = PBXFileReference; fileEncoding = 4; lastKnownFileType = sourcecode.c.objc; path = "NSManagedObjectContext+MagicalObserving.m"; sourceTree = "<group>"; };
		DA5CB8E91A924E2300A66BBF /* NSManagedObjectContext+MagicalRecord.h */ = {isa = PBXFileReference; fileEncoding = 4; lastKnownFileType = sourcecode.c.h; path = "NSManagedObjectContext+MagicalRecord.h"; sourceTree = "<group>"; };
		DA5CB8EA1A924E2300A66BBF /* NSManagedObjectContext+MagicalRecord.m */ = {isa = PBXFileReference; fileEncoding = 4; lastKnownFileType = sourcecode.c.objc; path = "NSManagedObjectContext+MagicalRecord.m"; sourceTree = "<group>"; };
		DA5CB8EB1A924E2300A66BBF /* NSManagedObjectContext+MagicalSaves.h */ = {isa = PBXFileReference; fileEncoding = 4; lastKnownFileType = sourcecode.c.h; path = "NSManagedObjectContext+MagicalSaves.h"; sourceTree = "<group>"; };
		DA5CB8EC1A924E2300A66BBF /* NSManagedObjectContext+MagicalSaves.m */ = {isa = PBXFileReference; fileEncoding = 4; lastKnownFileType = sourcecode.c.objc; path = "NSManagedObjectContext+MagicalSaves.m"; sourceTree = "<group>"; };
		DA5CB8ED1A924E2300A66BBF /* NSManagedObjectContext+MagicalThreading.h */ = {isa = PBXFileReference; fileEncoding = 4; lastKnownFileType = sourcecode.c.h; path = "NSManagedObjectContext+MagicalThreading.h"; sourceTree = "<group>"; };
		DA5CB8EE1A924E2300A66BBF /* NSManagedObjectContext+MagicalThreading.m */ = {isa = PBXFileReference; fileEncoding = 4; lastKnownFileType = sourcecode.c.objc; path = "NSManagedObjectContext+MagicalThreading.m"; sourceTree = "<group>"; };
		DA5CB8EF1A924E2300A66BBF /* NSManagedObjectModel+MagicalRecord.h */ = {isa = PBXFileReference; fileEncoding = 4; lastKnownFileType = sourcecode.c.h; path = "NSManagedObjectModel+MagicalRecord.h"; sourceTree = "<group>"; };
		DA5CB8F01A924E2300A66BBF /* NSManagedObjectModel+MagicalRecord.m */ = {isa = PBXFileReference; fileEncoding = 4; lastKnownFileType = sourcecode.c.objc; path = "NSManagedObjectModel+MagicalRecord.m"; sourceTree = "<group>"; };
		DA5CB8F11A924E2300A66BBF /* NSPersistentStore+MagicalRecord.h */ = {isa = PBXFileReference; fileEncoding = 4; lastKnownFileType = sourcecode.c.h; path = "NSPersistentStore+MagicalRecord.h"; sourceTree = "<group>"; };
		DA5CB8F21A924E2300A66BBF /* NSPersistentStore+MagicalRecord.m */ = {isa = PBXFileReference; fileEncoding = 4; lastKnownFileType = sourcecode.c.objc; path = "NSPersistentStore+MagicalRecord.m"; sourceTree = "<group>"; };
		DA5CB8F31A924E2300A66BBF /* NSPersistentStoreCoordinator+MagicalRecord.h */ = {isa = PBXFileReference; fileEncoding = 4; lastKnownFileType = sourcecode.c.h; path = "NSPersistentStoreCoordinator+MagicalRecord.h"; sourceTree = "<group>"; };
		DA5CB8F41A924E2300A66BBF /* NSPersistentStoreCoordinator+MagicalRecord.m */ = {isa = PBXFileReference; fileEncoding = 4; lastKnownFileType = sourcecode.c.objc; path = "NSPersistentStoreCoordinator+MagicalRecord.m"; sourceTree = "<group>"; };
		DA5CB8F61A924E2300A66BBF /* MagicalRecord+Actions.h */ = {isa = PBXFileReference; fileEncoding = 4; lastKnownFileType = sourcecode.c.h; path = "MagicalRecord+Actions.h"; sourceTree = "<group>"; };
		DA5CB8F71A924E2300A66BBF /* MagicalRecord+Actions.m */ = {isa = PBXFileReference; fileEncoding = 4; lastKnownFileType = sourcecode.c.objc; path = "MagicalRecord+Actions.m"; sourceTree = "<group>"; };
		DA5CB8F81A924E2300A66BBF /* MagicalRecord+ErrorHandling.h */ = {isa = PBXFileReference; fileEncoding = 4; lastKnownFileType = sourcecode.c.h; path = "MagicalRecord+ErrorHandling.h"; sourceTree = "<group>"; };
		DA5CB8F91A924E2300A66BBF /* MagicalRecord+ErrorHandling.m */ = {isa = PBXFileReference; fileEncoding = 4; lastKnownFileType = sourcecode.c.objc; path = "MagicalRecord+ErrorHandling.m"; sourceTree = "<group>"; };
		DA5CB8FA1A924E2300A66BBF /* MagicalRecord+iCloud.h */ = {isa = PBXFileReference; fileEncoding = 4; lastKnownFileType = sourcecode.c.h; path = "MagicalRecord+iCloud.h"; sourceTree = "<group>"; };
		DA5CB8FB1A924E2300A66BBF /* MagicalRecord+iCloud.m */ = {isa = PBXFileReference; fileEncoding = 4; lastKnownFileType = sourcecode.c.objc; path = "MagicalRecord+iCloud.m"; sourceTree = "<group>"; };
		DA5CB8FC1A924E2300A66BBF /* MagicalRecord+Options.h */ = {isa = PBXFileReference; fileEncoding = 4; lastKnownFileType = sourcecode.c.h; path = "MagicalRecord+Options.h"; sourceTree = "<group>"; };
		DA5CB8FD1A924E2300A66BBF /* MagicalRecord+Options.m */ = {isa = PBXFileReference; fileEncoding = 4; lastKnownFileType = sourcecode.c.objc; path = "MagicalRecord+Options.m"; sourceTree = "<group>"; };
		DA5CB8FE1A924E2300A66BBF /* MagicalRecord+Setup.h */ = {isa = PBXFileReference; fileEncoding = 4; lastKnownFileType = sourcecode.c.h; path = "MagicalRecord+Setup.h"; sourceTree = "<group>"; };
		DA5CB8FF1A924E2300A66BBF /* MagicalRecord+Setup.m */ = {isa = PBXFileReference; fileEncoding = 4; lastKnownFileType = sourcecode.c.objc; path = "MagicalRecord+Setup.m"; sourceTree = "<group>"; };
		DA5CB9001A924E2300A66BBF /* MagicalRecord+ShorthandSupport.h */ = {isa = PBXFileReference; fileEncoding = 4; lastKnownFileType = sourcecode.c.h; path = "MagicalRecord+ShorthandSupport.h"; sourceTree = "<group>"; };
		DA5CB9011A924E2300A66BBF /* MagicalRecord+ShorthandSupport.m */ = {isa = PBXFileReference; fileEncoding = 4; lastKnownFileType = sourcecode.c.objc; path = "MagicalRecord+ShorthandSupport.m"; sourceTree = "<group>"; };
		DA5CB9021A924E2300A66BBF /* MagicalRecord.h */ = {isa = PBXFileReference; fileEncoding = 4; lastKnownFileType = sourcecode.c.h; path = MagicalRecord.h; sourceTree = "<group>"; };
		DA5CB9031A924E2300A66BBF /* MagicalRecord.m */ = {isa = PBXFileReference; fileEncoding = 4; lastKnownFileType = sourcecode.c.objc; path = MagicalRecord.m; sourceTree = "<group>"; };
		DA5CB9041A924E2300A66BBF /* MagicalRecordShorthand.h */ = {isa = PBXFileReference; fileEncoding = 4; lastKnownFileType = sourcecode.c.h; path = MagicalRecordShorthand.h; sourceTree = "<group>"; };
		DA5CB9051A924E2300A66BBF /* CoreData+MagicalRecord.h */ = {isa = PBXFileReference; fileEncoding = 4; lastKnownFileType = sourcecode.c.h; path = "CoreData+MagicalRecord.h"; sourceTree = "<group>"; };
		DA5CB9201A924E6700A66BBF /* MagicalRecordDeprecated.h */ = {isa = PBXFileReference; lastKnownFileType = sourcecode.c.h; path = MagicalRecordDeprecated.h; sourceTree = "<group>"; };
		DA6308961A77C13D00F7AB08 /* AddAndEditGoalCell.h */ = {isa = PBXFileReference; fileEncoding = 4; lastKnownFileType = sourcecode.c.h; path = AddAndEditGoalCell.h; sourceTree = "<group>"; };
		DA6308971A77C13D00F7AB08 /* AddAndEditGoalCell.m */ = {isa = PBXFileReference; fileEncoding = 4; lastKnownFileType = sourcecode.c.objc; path = AddAndEditGoalCell.m; sourceTree = "<group>"; };
		DA6308991A77CAF300F7AB08 /* photoPic@2x.png */ = {isa = PBXFileReference; lastKnownFileType = image.png; path = "photoPic@2x.png"; sourceTree = "<group>"; };
		DA87F4A61A9B89A60085F7F9 /* SCLAlertView.h */ = {isa = PBXFileReference; fileEncoding = 4; lastKnownFileType = sourcecode.c.h; path = SCLAlertView.h; sourceTree = "<group>"; };
		DA87F4A71A9B89A60085F7F9 /* SCLAlertView.m */ = {isa = PBXFileReference; fileEncoding = 4; lastKnownFileType = sourcecode.c.objc; path = SCLAlertView.m; sourceTree = "<group>"; };
		DA87F4A81A9B89A60085F7F9 /* SCLAlertViewResponder.h */ = {isa = PBXFileReference; fileEncoding = 4; lastKnownFileType = sourcecode.c.h; path = SCLAlertViewResponder.h; sourceTree = "<group>"; };
		DA87F4A91A9B89A60085F7F9 /* SCLAlertViewResponder.m */ = {isa = PBXFileReference; fileEncoding = 4; lastKnownFileType = sourcecode.c.objc; path = SCLAlertViewResponder.m; sourceTree = "<group>"; };
		DA87F4AA1A9B89A60085F7F9 /* SCLAlertViewStyleKit.h */ = {isa = PBXFileReference; fileEncoding = 4; lastKnownFileType = sourcecode.c.h; path = SCLAlertViewStyleKit.h; sourceTree = "<group>"; };
		DA87F4AB1A9B89A60085F7F9 /* SCLAlertViewStyleKit.m */ = {isa = PBXFileReference; fileEncoding = 4; lastKnownFileType = sourcecode.c.objc; path = SCLAlertViewStyleKit.m; sourceTree = "<group>"; };
		DA87F4AC1A9B89A60085F7F9 /* SCLButton.h */ = {isa = PBXFileReference; fileEncoding = 4; lastKnownFileType = sourcecode.c.h; path = SCLButton.h; sourceTree = "<group>"; };
		DA87F4AD1A9B89A60085F7F9 /* SCLButton.m */ = {isa = PBXFileReference; fileEncoding = 4; lastKnownFileType = sourcecode.c.objc; path = SCLButton.m; sourceTree = "<group>"; };
		DA87F4AE1A9B89A60085F7F9 /* UIImage+ImageEffects.h */ = {isa = PBXFileReference; fileEncoding = 4; lastKnownFileType = sourcecode.c.h; path = "UIImage+ImageEffects.h"; sourceTree = "<group>"; };
		DA87F4AF1A9B89A60085F7F9 /* UIImage+ImageEffects.m */ = {isa = PBXFileReference; fileEncoding = 4; lastKnownFileType = sourcecode.c.objc; path = "UIImage+ImageEffects.m"; sourceTree = "<group>"; };
		DA8AB2741AA0E46F006CB011 /* bg.png */ = {isa = PBXFileReference; lastKnownFileType = image.png; path = bg.png; sourceTree = "<group>"; };
		DA8AB2761AA0E82D006CB011 /* loginPic@2x.png */ = {isa = PBXFileReference; lastKnownFileType = image.png; path = "loginPic@2x.png"; sourceTree = "<group>"; };
		DA8AB2781AA0E922006CB011 /* passPic@2x.png */ = {isa = PBXFileReference; lastKnownFileType = image.png; path = "passPic@2x.png"; sourceTree = "<group>"; };
		DA8AB27A1AA0F6FA006CB011 /* emalPic.png */ = {isa = PBXFileReference; lastKnownFileType = image.png; path = emalPic.png; sourceTree = "<group>"; };
		DA8AB27C1AA0FB93006CB011 /* logo.png */ = {isa = PBXFileReference; lastKnownFileType = image.png; path = logo.png; sourceTree = "<group>"; };
		DA9D5F7C1A81618D00820E47 /* CFNetwork.framework */ = {isa = PBXFileReference; lastKnownFileType = wrapper.framework; name = CFNetwork.framework; path = System/Library/Frameworks/CFNetwork.framework; sourceTree = SDKROOT; };
		DA9D5F7E1A81619800820E47 /* Foundation.framework */ = {isa = PBXFileReference; lastKnownFileType = wrapper.framework; name = Foundation.framework; path = System/Library/Frameworks/Foundation.framework; sourceTree = SDKROOT; };
		DA9D5F801A8161E500820E47 /* CoreFoundation.framework */ = {isa = PBXFileReference; lastKnownFileType = wrapper.framework; name = CoreFoundation.framework; path = System/Library/Frameworks/CoreFoundation.framework; sourceTree = SDKROOT; };
		DA9D5F821A8162C200820E47 /* LocalAuthentication.framework */ = {isa = PBXFileReference; lastKnownFileType = wrapper.framework; name = LocalAuthentication.framework; path = System/Library/Frameworks/LocalAuthentication.framework; sourceTree = SDKROOT; };
		DA9E2FE71A80E55A00BC08B2 /* OpenSans-Regular.ttf */ = {isa = PBXFileReference; lastKnownFileType = file; path = "OpenSans-Regular.ttf"; sourceTree = "<group>"; };
		DA9E2FE81A80E55A00BC08B2 /* OpenSans-Semibold.ttf */ = {isa = PBXFileReference; lastKnownFileType = file; path = "OpenSans-Semibold.ttf"; sourceTree = "<group>"; };
		DABF0E581A6AD96800105669 /* KAProgressLabel.h */ = {isa = PBXFileReference; fileEncoding = 4; lastKnownFileType = sourcecode.c.h; path = KAProgressLabel.h; sourceTree = "<group>"; };
		DABF0E591A6AD96800105669 /* KAProgressLabel.m */ = {isa = PBXFileReference; fileEncoding = 4; lastKnownFileType = sourcecode.c.objc; path = KAProgressLabel.m; sourceTree = "<group>"; };
		DABF0E5A1A6AD96800105669 /* TPPropertyAnimation.h */ = {isa = PBXFileReference; fileEncoding = 4; lastKnownFileType = sourcecode.c.h; path = TPPropertyAnimation.h; sourceTree = "<group>"; };
		DABF0E5B1A6AD96800105669 /* TPPropertyAnimation.m */ = {isa = PBXFileReference; fileEncoding = 4; lastKnownFileType = sourcecode.c.objc; path = TPPropertyAnimation.m; sourceTree = "<group>"; };
		DAC6D2ED1A9936CC002AE5F8 /* GoalOperations.h */ = {isa = PBXFileReference; fileEncoding = 4; lastKnownFileType = sourcecode.c.h; path = GoalOperations.h; sourceTree = "<group>"; };
		DAC6D2EE1A9936CC002AE5F8 /* GoalOperations.m */ = {isa = PBXFileReference; fileEncoding = 4; lastKnownFileType = sourcecode.c.objc; path = GoalOperations.m; sourceTree = "<group>"; };
		DAC6D2F01A9936CC002AE5F8 /* Goal.h */ = {isa = PBXFileReference; fileEncoding = 4; lastKnownFileType = sourcecode.c.h; path = Goal.h; sourceTree = "<group>"; };
		DAC6D2F11A9936CC002AE5F8 /* Goal.m */ = {isa = PBXFileReference; fileEncoding = 4; lastKnownFileType = sourcecode.c.objc; path = Goal.m; sourceTree = "<group>"; };
		DAE391E11A82236C00B60CC2 /* goalName.png */ = {isa = PBXFileReference; lastKnownFileType = image.png; path = goalName.png; sourceTree = "<group>"; };
		DAE391E31A82262D00B60CC2 /* goalTotalSum.png */ = {isa = PBXFileReference; lastKnownFileType = image.png; path = goalTotalSum.png; sourceTree = "<group>"; };
		DAE391E51A822A0C00B60CC2 /* goalCurrentSum.png */ = {isa = PBXFileReference; lastKnownFileType = image.png; path = goalCurrentSum.png; sourceTree = "<group>"; };
		DAE391E71A822AC400B60CC2 /* goalExpDate.png */ = {isa = PBXFileReference; lastKnownFileType = image.png; path = goalExpDate.png; sourceTree = "<group>"; };
		DAE391E91A82345500B60CC2 /* goalPic.png */ = {isa = PBXFileReference; lastKnownFileType = image.png; path = goalPic.png; sourceTree = "<group>"; };
		DAE448741A6B15EF0041F449 /* Roboto-Medium.ttf */ = {isa = PBXFileReference; lastKnownFileType = file; path = "Roboto-Medium.ttf"; sourceTree = "<group>"; };
		DAE448751A6B15EF0041F449 /* Roboto-Regular.ttf */ = {isa = PBXFileReference; lastKnownFileType = file; path = "Roboto-Regular.ttf"; sourceTree = "<group>"; };
		DAE448761A6B15EF0041F449 /* Roboto-Light.ttf */ = {isa = PBXFileReference; lastKnownFileType = file; path = "Roboto-Light.ttf"; sourceTree = "<group>"; };
		DAFB80691A6C4EFA006F28DF /* arrowForward.png */ = {isa = PBXFileReference; lastKnownFileType = image.png; path = arrowForward.png; sourceTree = "<group>"; };
		DAFB806D1A6C4FB9006F28DF /* arrowBack.png */ = {isa = PBXFileReference; lastKnownFileType = image.png; path = arrowBack.png; sourceTree = "<group>"; };
/* End PBXFileReference section */

/* Begin PBXFrameworksBuildPhase section */
		790B7F161A69C3AE009C1F1B /* Frameworks */ = {
			isa = PBXFrameworksBuildPhase;
			buildActionMask = 2147483647;
			files = (
				DA1A58F01A92226C00EA9DD3 /* CoreData.framework in Frameworks */,
				DA375E6B1A81652400548755 /* CoreGraphics.framework in Frameworks */,
				DA9D5F831A8162C200820E47 /* LocalAuthentication.framework in Frameworks */,
				DA9D5F811A8161E500820E47 /* CoreFoundation.framework in Frameworks */,
				DA9D5F7F1A81619800820E47 /* Foundation.framework in Frameworks */,
				DA9D5F7D1A81618D00820E47 /* CFNetwork.framework in Frameworks */,
				D3494B711A6C14110007DD0C /* NotificationCenter.framework in Frameworks */,
				794465D31A6A536800F00F63 /* UIKit.framework in Frameworks */,
				794465D11A6A536000F00F63 /* SystemConfiguration.framework in Frameworks */,
				794465CF1A6A535700F00F63 /* StoreKit.framework in Frameworks */,
				794465CD1A6A534E00F00F63 /* Security.framework in Frameworks */,
				794465CB1A6A533500F00F63 /* QuartzCore.framework in Frameworks */,
				794465C91A6A532D00F00F63 /* MobileCoreServices.framework in Frameworks */,
				794465C71A6A532500F00F63 /* libstdc++.6.dylib in Frameworks */,
				794465C51A6A531800F00F63 /* libz.1.1.3.dylib in Frameworks */,
				794465C11A6A52FD00F00F63 /* CoreLocation.framework in Frameworks */,
				794465BB1A6A52E600F00F63 /* AudioToolbox.framework in Frameworks */,
				794465B91A6A52DD00F00F63 /* Accounts.framework in Frameworks */,
				794465B71A6A52D500F00F63 /* Social.framework in Frameworks */,
				794465B51A6A52C900F00F63 /* AdSupport.framework in Frameworks */,
				794465AF1A6A529600F00F63 /* ParseUI.framework in Frameworks */,
				794465AE1A6A529600F00F63 /* Parse.framework in Frameworks */,
				794465A81A6A523A00F00F63 /* libsqlite3.0.dylib in Frameworks */,
				794465B21A6A529600F00F63 /* Bolts.framework in Frameworks */,
				794465B11A6A529600F00F63 /* ParseFacebookUtils.framework in Frameworks */,
				794465B01A6A529600F00F63 /* ParseCrashReporting.framework in Frameworks */,
			);
			runOnlyForDeploymentPostprocessing = 0;
		};
		790B7F2F1A69C3AE009C1F1B /* Frameworks */ = {
			isa = PBXFrameworksBuildPhase;
			buildActionMask = 2147483647;
			files = (
			);
			runOnlyForDeploymentPostprocessing = 0;
		};
/* End PBXFrameworksBuildPhase section */

/* Begin PBXGroup section */
		790B7F101A69C3AE009C1F1B = {
			isa = PBXGroup;
			children = (
				790B7F1B1A69C3AE009C1F1B /* catchGoal */,
				790B7F351A69C3AE009C1F1B /* catchGoalTests */,
				790B7F1A1A69C3AE009C1F1B /* Products */,
			);
			sourceTree = "<group>";
		};
		790B7F1A1A69C3AE009C1F1B /* Products */ = {
			isa = PBXGroup;
			children = (
				790B7F191A69C3AE009C1F1B /* catchGoal.app */,
				790B7F321A69C3AE009C1F1B /* catchGoalTests.xctest */,
			);
			name = Products;
			sourceTree = "<group>";
		};
		790B7F1B1A69C3AE009C1F1B /* catchGoal */ = {
			isa = PBXGroup;
			children = (
				790B7F421A69C5A0009C1F1B /* Frameworks\Libraries */,
				790B7F431A69C5AB009C1F1B /* UI */,
				790B7F441A69C5B4009C1F1B /* API */,
				790B7F481A69C5CE009C1F1B /* Models */,
				790B7F4C1A69C5DF009C1F1B /* ViewControllers */,
				790B7F201A69C3AE009C1F1B /* AppDelegate.h */,
				790B7F211A69C3AE009C1F1B /* AppDelegate.m */,
				790B7F291A69C3AE009C1F1B /* Images.xcassets */,
				790B7F2B1A69C3AE009C1F1B /* LaunchScreen.xib */,
				790B7F1C1A69C3AE009C1F1B /* Supporting Files */,
			);
			path = catchGoal;
			sourceTree = "<group>";
		};
		790B7F1C1A69C3AE009C1F1B /* Supporting Files */ = {
			isa = PBXGroup;
			children = (
				DAE448731A6B15C20041F449 /* Font */,
				DAE448701A6B0C000041F449 /* Images */,
				790B7F1D1A69C3AE009C1F1B /* Info.plist */,
				790B7F1E1A69C3AE009C1F1B /* main.m */,
				790B7F4F1A69C62E009C1F1B /* catchGoal-Prefix.pch */,
			);
			name = "Supporting Files";
			sourceTree = "<group>";
		};
		790B7F351A69C3AE009C1F1B /* catchGoalTests */ = {
			isa = PBXGroup;
			children = (
				790B7F381A69C3AE009C1F1B /* catchGoalTests.m */,
				790B7F361A69C3AE009C1F1B /* Supporting Files */,
			);
			path = catchGoalTests;
			sourceTree = "<group>";
		};
		790B7F361A69C3AE009C1F1B /* Supporting Files */ = {
			isa = PBXGroup;
			children = (
				790B7F371A69C3AE009C1F1B /* Info.plist */,
			);
			name = "Supporting Files";
			sourceTree = "<group>";
		};
		790B7F421A69C5A0009C1F1B /* Frameworks\Libraries */ = {
			isa = PBXGroup;
			children = (
				DA1A58F11A9222B800EA9DD3 /* Core Data */,
				DA9D5F821A8162C200820E47 /* LocalAuthentication.framework */,
				DA9D5F801A8161E500820E47 /* CoreFoundation.framework */,
				DA9D5F7E1A81619800820E47 /* Foundation.framework */,
				DA9D5F7C1A81618D00820E47 /* CFNetwork.framework */,
				794465C81A6A532D00F00F63 /* MobileCoreServices.framework */,
				D3494B701A6C14110007DD0C /* NotificationCenter.framework */,
				794465B31A6A529900F00F63 /* parse need. */,
				79ABEEC01A827D8F00DCE5F0 /* Datepicker */,
				7942FE2F1A8FD1E00035F411 /* UIActionSheet+BlockExtensions.h */,
				7942FE301A8FD1E00035F411 /* UIActionSheet+BlockExtensions.m */,
				DABF0E571A6AD96800105669 /* KAProgressLabel */,
			);
			name = "Frameworks\\Libraries";
			sourceTree = "<group>";
		};
		790B7F431A69C5AB009C1F1B /* UI */ = {
			isa = PBXGroup;
			children = (
				DA87F4A51A9B89A60085F7F9 /* SCLAlertView */,
				DA6308951A77C0E600F7AB08 /* Cells */,
			);
			name = UI;
			sourceTree = "<group>";
		};
		790B7F441A69C5B4009C1F1B /* API */ = {
			isa = PBXGroup;
			children = (
				790B7F451A69C5C8009C1F1B /* Constants.h */,
				790B7F461A69C5C8009C1F1B /* Constants.m */,
			);
			name = API;
			sourceTree = "<group>";
		};
		790B7F481A69C5CE009C1F1B /* Models */ = {
			isa = PBXGroup;
			children = (
				DA1A594C1A92241500EA9DD3 /* Core Data */,
				79548FFB1A6C37BB005AE681 /* DataSingletone.h */,
				79548FFC1A6C37BB005AE681 /* DataSingletone.m */,
			);
			name = Models;
			sourceTree = "<group>";
		};
		790B7F4C1A69C5DF009C1F1B /* ViewControllers */ = {
			isa = PBXGroup;
			children = (
				D3494B691A6C0FC40007DD0C /* New Goal */,
				790B7F4D1A69C5F2009C1F1B /* Main screen */,
				790B7F4E1A69C5FD009C1F1B /* Start Screens (login, reg, launch) */,
				8B0471A21A6A2E9100CE1F06 /* Goals */,
				8BFB55321A6A3D2900FE9379 /* Goal detail */,
			);
			name = ViewControllers;
			sourceTree = "<group>";
		};
		790B7F4D1A69C5F2009C1F1B /* Main screen */ = {
			isa = PBXGroup;
			children = (
				790B7F261A69C3AE009C1F1B /* Main.storyboard */,
			);
			name = "Main screen";
			sourceTree = "<group>";
		};
		790B7F4E1A69C5FD009C1F1B /* Start Screens (login, reg, launch) */ = {
			isa = PBXGroup;
			children = (
				794465D41A6A5CE400F00F63 /* StartScreensMainViewController.h */,
				794465D51A6A5CE400F00F63 /* StartScreensMainViewController.m */,
				790B7F501A69CA00009C1F1B /* LoginViewController.h */,
				790B7F511A69CA00009C1F1B /* LoginViewController.m */,
				790B7F531A69CA0D009C1F1B /* RegistrationViewController.h */,
				790B7F541A69CA0D009C1F1B /* RegistrationViewController.m */,
				790B7F561A69CA2C009C1F1B /* ForgotPasswordViewController.h */,
				790B7F571A69CA2C009C1F1B /* ForgotPasswordViewController.m */,
				790B7F591A69CA3E009C1F1B /* LaunchScreenViewController.h */,
				790B7F5A1A69CA3E009C1F1B /* LaunchScreenViewController.m */,
			);
			name = "Start Screens (login, reg, launch)";
			sourceTree = "<group>";
		};
		794465B31A6A529900F00F63 /* parse need. */ = {
			isa = PBXGroup;
			children = (
				DA375E6A1A81652400548755 /* CoreGraphics.framework */,
				794465D21A6A536800F00F63 /* UIKit.framework */,
				794465D01A6A536000F00F63 /* SystemConfiguration.framework */,
				794465CE1A6A535700F00F63 /* StoreKit.framework */,
				794465CC1A6A534E00F00F63 /* Security.framework */,
				794465CA1A6A533500F00F63 /* QuartzCore.framework */,
				794465C61A6A532500F00F63 /* libstdc++.6.dylib */,
				794465C41A6A531800F00F63 /* libz.1.1.3.dylib */,
				794465C01A6A52FD00F00F63 /* CoreLocation.framework */,
				794465BA1A6A52E600F00F63 /* AudioToolbox.framework */,
				794465B81A6A52DD00F00F63 /* Accounts.framework */,
				794465B61A6A52D500F00F63 /* Social.framework */,
				794465B41A6A52C900F00F63 /* AdSupport.framework */,
				794465A71A6A523A00F00F63 /* libsqlite3.0.dylib */,
				794465A91A6A529600F00F63 /* Parse.framework */,
				794465AA1A6A529600F00F63 /* ParseUI.framework */,
				794465AB1A6A529600F00F63 /* ParseCrashReporting.framework */,
				794465AC1A6A529600F00F63 /* ParseFacebookUtils.framework */,
				794465AD1A6A529600F00F63 /* Bolts.framework */,
			);
			name = "parse need.";
			sourceTree = "<group>";
		};
		79ABEEC01A827D8F00DCE5F0 /* Datepicker */ = {
			isa = PBXGroup;
			children = (
				79ABEEC11A827D9A00DCE5F0 /* RMDateSelectionViewController.h */,
				79ABEEC21A827D9A00DCE5F0 /* RMDateSelectionViewController.m */,
			);
			name = Datepicker;
			sourceTree = "<group>";
		};
		8B0471A21A6A2E9100CE1F06 /* Goals */ = {
			isa = PBXGroup;
			children = (
				8B9E33401A6A32A400CA3778 /* GoalTableViewCell.h */,
				8B9E33411A6A32A400CA3778 /* GoalTableViewCell.m */,
				CED0F16D1AA1CF54007C6B70 /* GoalsViewController.h */,
				CED0F16E1AA1CF54007C6B70 /* GoalsViewController.m */,
			);
			name = Goals;
			sourceTree = "<group>";
		};
		8BFB55321A6A3D2900FE9379 /* Goal detail */ = {
			isa = PBXGroup;
			children = (
				8B6A205C1A6AB22100C4FDFE /* DetailTableViewController.h */,
				8B6A205D1A6AB22100C4FDFE /* DetailTableViewController.m */,
			);
			name = "Goal detail";
			sourceTree = "<group>";
		};
		D3494B691A6C0FC40007DD0C /* New Goal */ = {
			isa = PBXGroup;
			children = (
				D3494B6A1A6C0FE60007DD0C /* NewGoalTableViewController.h */,
				D3494B6B1A6C0FE60007DD0C /* NewGoalTableViewController.m */,
			);
			name = "New Goal";
			sourceTree = "<group>";
		};
		DA1A58F11A9222B800EA9DD3 /* Core Data */ = {
			isa = PBXGroup;
			children = (
				DA5CB8CA1A924E2300A66BBF /* MagicalRecord */,
				DA1A59301A9222CC00EA9DD3 /* CoreData+MagicalRecord.h */,
				DA1A58EF1A92226C00EA9DD3 /* CoreData.framework */,
			);
			name = "Core Data";
			sourceTree = "<group>";
		};
		DA1A594C1A92241500EA9DD3 /* Core Data */ = {
			isa = PBXGroup;
			children = (
				DA0DB1281A923FBC00AAB6AD /* GoalDataModel.xcdatamodeld */,
				DAC6D2F01A9936CC002AE5F8 /* Goal.h */,
				DAC6D2F11A9936CC002AE5F8 /* Goal.m */,
				DAC6D2ED1A9936CC002AE5F8 /* GoalOperations.h */,
				DAC6D2EE1A9936CC002AE5F8 /* GoalOperations.m */,
			);
			name = "Core Data";
			sourceTree = "<group>";
		};
		DA2AD3D21A90F98400BA7E4C /* Detail VC */ = {
			isa = PBXGroup;
			children = (
				DA2AD3CF1A90F97F00BA7E4C /* goalInfoCell.h */,
				DA2AD3D01A90F97F00BA7E4C /* goalInfoCell.m */,
				DA2AD3D61A90F9FD00BA7E4C /* goalOperationsCell.h */,
				DA2AD3D71A90F9FD00BA7E4C /* goalOperationsCell.m */,
			);
			name = "Detail VC";
			sourceTree = "<group>";
		};
		DA5CB8CA1A924E2300A66BBF /* MagicalRecord */ = {
			isa = PBXGroup;
			children = (
				DA5CB8CB1A924E2300A66BBF /* Categories */,
				DA5CB8F51A924E2300A66BBF /* Core */,
				DA5CB9051A924E2300A66BBF /* CoreData+MagicalRecord.h */,
			);
			path = MagicalRecord;
			sourceTree = "<group>";
		};
		DA5CB8CB1A924E2300A66BBF /* Categories */ = {
			isa = PBXGroup;
			children = (
				DA5CB8CC1A924E2300A66BBF /* DataImport */,
				DA5CB8DB1A924E2300A66BBF /* NSManagedObject */,
				DA5CB8E61A924E2300A66BBF /* NSManagedObjectContext */,
				DA5CB8EF1A924E2300A66BBF /* NSManagedObjectModel+MagicalRecord.h */,
				DA5CB8F01A924E2300A66BBF /* NSManagedObjectModel+MagicalRecord.m */,
				DA5CB8F11A924E2300A66BBF /* NSPersistentStore+MagicalRecord.h */,
				DA5CB8F21A924E2300A66BBF /* NSPersistentStore+MagicalRecord.m */,
				DA5CB8F31A924E2300A66BBF /* NSPersistentStoreCoordinator+MagicalRecord.h */,
				DA5CB8F41A924E2300A66BBF /* NSPersistentStoreCoordinator+MagicalRecord.m */,
			);
			path = Categories;
			sourceTree = "<group>";
		};
		DA5CB8CC1A924E2300A66BBF /* DataImport */ = {
			isa = PBXGroup;
			children = (
				DA5CB8CD1A924E2300A66BBF /* MagicalImportFunctions.h */,
				DA5CB8CE1A924E2300A66BBF /* MagicalImportFunctions.m */,
				DA5CB8CF1A924E2300A66BBF /* NSAttributeDescription+MagicalDataImport.h */,
				DA5CB8D01A924E2300A66BBF /* NSAttributeDescription+MagicalDataImport.m */,
				DA5CB8D11A924E2300A66BBF /* NSEntityDescription+MagicalDataImport.h */,
				DA5CB8D21A924E2300A66BBF /* NSEntityDescription+MagicalDataImport.m */,
				DA5CB8D31A924E2300A66BBF /* NSNumber+MagicalDataImport.h */,
				DA5CB8D41A924E2300A66BBF /* NSNumber+MagicalDataImport.m */,
				DA5CB8D51A924E2300A66BBF /* NSObject+MagicalDataImport.h */,
				DA5CB8D61A924E2300A66BBF /* NSObject+MagicalDataImport.m */,
				DA5CB8D71A924E2300A66BBF /* NSRelationshipDescription+MagicalDataImport.h */,
				DA5CB8D81A924E2300A66BBF /* NSRelationshipDescription+MagicalDataImport.m */,
				DA5CB8D91A924E2300A66BBF /* NSString+MagicalDataImport.h */,
				DA5CB8DA1A924E2300A66BBF /* NSString+MagicalDataImport.m */,
			);
			path = DataImport;
			sourceTree = "<group>";
		};
		DA5CB8DB1A924E2300A66BBF /* NSManagedObject */ = {
			isa = PBXGroup;
			children = (
				DA5CB8DC1A924E2300A66BBF /* NSManagedObject+MagicalAggregation.h */,
				DA5CB8DD1A924E2300A66BBF /* NSManagedObject+MagicalAggregation.m */,
				DA5CB8DE1A924E2300A66BBF /* NSManagedObject+MagicalDataImport.h */,
				DA5CB8DF1A924E2300A66BBF /* NSManagedObject+MagicalDataImport.m */,
				DA5CB8E01A924E2300A66BBF /* NSManagedObject+MagicalFinders.h */,
				DA5CB8E11A924E2300A66BBF /* NSManagedObject+MagicalFinders.m */,
				DA5CB8E21A924E2300A66BBF /* NSManagedObject+MagicalRecord.h */,
				DA5CB8E31A924E2300A66BBF /* NSManagedObject+MagicalRecord.m */,
				DA5CB8E41A924E2300A66BBF /* NSManagedObject+MagicalRequests.h */,
				DA5CB8E51A924E2300A66BBF /* NSManagedObject+MagicalRequests.m */,
			);
			path = NSManagedObject;
			sourceTree = "<group>";
		};
		DA5CB8E61A924E2300A66BBF /* NSManagedObjectContext */ = {
			isa = PBXGroup;
			children = (
				DA5CB8E71A924E2300A66BBF /* NSManagedObjectContext+MagicalObserving.h */,
				DA5CB8E81A924E2300A66BBF /* NSManagedObjectContext+MagicalObserving.m */,
				DA5CB8E91A924E2300A66BBF /* NSManagedObjectContext+MagicalRecord.h */,
				DA5CB8EA1A924E2300A66BBF /* NSManagedObjectContext+MagicalRecord.m */,
				DA5CB8EB1A924E2300A66BBF /* NSManagedObjectContext+MagicalSaves.h */,
				DA5CB8EC1A924E2300A66BBF /* NSManagedObjectContext+MagicalSaves.m */,
				DA5CB8ED1A924E2300A66BBF /* NSManagedObjectContext+MagicalThreading.h */,
				DA5CB8EE1A924E2300A66BBF /* NSManagedObjectContext+MagicalThreading.m */,
			);
			path = NSManagedObjectContext;
			sourceTree = "<group>";
		};
		DA5CB8F51A924E2300A66BBF /* Core */ = {
			isa = PBXGroup;
			children = (
				DA5CB8F61A924E2300A66BBF /* MagicalRecord+Actions.h */,
				DA5CB8F71A924E2300A66BBF /* MagicalRecord+Actions.m */,
				DA5CB8F81A924E2300A66BBF /* MagicalRecord+ErrorHandling.h */,
				DA5CB8F91A924E2300A66BBF /* MagicalRecord+ErrorHandling.m */,
				DA5CB8FA1A924E2300A66BBF /* MagicalRecord+iCloud.h */,
				DA5CB8FB1A924E2300A66BBF /* MagicalRecord+iCloud.m */,
				DA5CB8FC1A924E2300A66BBF /* MagicalRecord+Options.h */,
				DA5CB8FD1A924E2300A66BBF /* MagicalRecord+Options.m */,
				DA5CB8FE1A924E2300A66BBF /* MagicalRecord+Setup.h */,
				DA5CB8FF1A924E2300A66BBF /* MagicalRecord+Setup.m */,
				DA5CB9001A924E2300A66BBF /* MagicalRecord+ShorthandSupport.h */,
				DA5CB9011A924E2300A66BBF /* MagicalRecord+ShorthandSupport.m */,
				DA5CB9201A924E6700A66BBF /* MagicalRecordDeprecated.h */,
				DA5CB9021A924E2300A66BBF /* MagicalRecord.h */,
				DA5CB9031A924E2300A66BBF /* MagicalRecord.m */,
				DA5CB9041A924E2300A66BBF /* MagicalRecordShorthand.h */,
			);
			path = Core;
			sourceTree = "<group>";
		};
		DA6308951A77C0E600F7AB08 /* Cells */ = {
			isa = PBXGroup;
			children = (
				DA2AD3D21A90F98400BA7E4C /* Detail VC */,
				DA6308961A77C13D00F7AB08 /* AddAndEditGoalCell.h */,
				DA6308971A77C13D00F7AB08 /* AddAndEditGoalCell.m */,
			);
			name = Cells;
			sourceTree = "<group>";
		};
		DA87F4A51A9B89A60085F7F9 /* SCLAlertView */ = {
			isa = PBXGroup;
			children = (
				DA87F4A61A9B89A60085F7F9 /* SCLAlertView.h */,
				DA87F4A71A9B89A60085F7F9 /* SCLAlertView.m */,
				DA87F4A81A9B89A60085F7F9 /* SCLAlertViewResponder.h */,
				DA87F4A91A9B89A60085F7F9 /* SCLAlertViewResponder.m */,
				DA87F4AA1A9B89A60085F7F9 /* SCLAlertViewStyleKit.h */,
				DA87F4AB1A9B89A60085F7F9 /* SCLAlertViewStyleKit.m */,
				DA87F4AC1A9B89A60085F7F9 /* SCLButton.h */,
				DA87F4AD1A9B89A60085F7F9 /* SCLButton.m */,
				DA87F4AE1A9B89A60085F7F9 /* UIImage+ImageEffects.h */,
				DA87F4AF1A9B89A60085F7F9 /* UIImage+ImageEffects.m */,
			);
			path = SCLAlertView;
			sourceTree = "<group>";
		};
		DABF0E571A6AD96800105669 /* KAProgressLabel */ = {
			isa = PBXGroup;
			children = (
				DABF0E581A6AD96800105669 /* KAProgressLabel.h */,
				DABF0E591A6AD96800105669 /* KAProgressLabel.m */,
				DABF0E5A1A6AD96800105669 /* TPPropertyAnimation.h */,
				DABF0E5B1A6AD96800105669 /* TPPropertyAnimation.m */,
			);
			path = KAProgressLabel;
			sourceTree = "<group>";
		};
		DAE448701A6B0C000041F449 /* Images */ = {
			isa = PBXGroup;
			children = (
				CED0F1641AA1C3D7007C6B70 /* list-fat-7.png */,
				CED0F1651AA1C3D7007C6B70 /* list-simple-7.png */,
				CED0F1661AA1C3D7007C6B70 /* list-simple-star-7.png */,
				DA8AB27C1AA0FB93006CB011 /* logo.png */,
				79736B8D1A9124D20046947E /* addMoney@2x.png */,
				79736B8F1A9125260046947E /* addMoney@3x.png */,
				7942FE321A8FF3360035F411 /* no_photo.png */,
				DAE391E91A82345500B60CC2 /* goalPic.png */,
				DAE391E11A82236C00B60CC2 /* goalName.png */,
				DAE391E31A82262D00B60CC2 /* goalTotalSum.png */,
				DAE391E51A822A0C00B60CC2 /* goalCurrentSum.png */,
				DAE391E71A822AC400B60CC2 /* goalExpDate.png */,
				DA1FCC811A81024800CA44C7 /* testPic1.png */,
				DA1FCC821A81024800CA44C7 /* testPic2.png */,
				DA1FCC831A81024800CA44C7 /* testPic3.png */,
				DA1C35DD1A8124C000A3A931 /* logout@2x.png */,
				DA1C35DF1A8125BC00A3A931 /* logout@3x.png */,
				DAFB806D1A6C4FB9006F28DF /* arrowBack.png */,
				DA8AB27A1AA0F6FA006CB011 /* emalPic.png */,
				DA6308991A77CAF300F7AB08 /* photoPic@2x.png */,
				DA8AB2761AA0E82D006CB011 /* loginPic@2x.png */,
				DA8AB2781AA0E922006CB011 /* passPic@2x.png */,
				DAFB80691A6C4EFA006F28DF /* arrowForward.png */,
				DA8AB2741AA0E46F006CB011 /* bg.png */,
			);
			name = Images;
			sourceTree = "<group>";
		};
		DAE448731A6B15C20041F449 /* Font */ = {
			isa = PBXGroup;
			children = (
				DAE448741A6B15EF0041F449 /* Roboto-Medium.ttf */,
				DAE448751A6B15EF0041F449 /* Roboto-Regular.ttf */,
				DAE448761A6B15EF0041F449 /* Roboto-Light.ttf */,
				DA9E2FE71A80E55A00BC08B2 /* OpenSans-Regular.ttf */,
				DA9E2FE81A80E55A00BC08B2 /* OpenSans-Semibold.ttf */,
			);
			name = Font;
			sourceTree = "<group>";
		};
/* End PBXGroup section */

/* Begin PBXNativeTarget section */
		790B7F181A69C3AE009C1F1B /* catchGoal */ = {
			isa = PBXNativeTarget;
			buildConfigurationList = 790B7F3C1A69C3AE009C1F1B /* Build configuration list for PBXNativeTarget "catchGoal" */;
			buildPhases = (
				790B7F151A69C3AE009C1F1B /* Sources */,
				790B7F161A69C3AE009C1F1B /* Frameworks */,
				790B7F171A69C3AE009C1F1B /* Resources */,
			);
			buildRules = (
			);
			dependencies = (
			);
			name = catchGoal;
			productName = catchGoal;
			productReference = 790B7F191A69C3AE009C1F1B /* catchGoal.app */;
			productType = "com.apple.product-type.application";
		};
		790B7F311A69C3AE009C1F1B /* catchGoalTests */ = {
			isa = PBXNativeTarget;
			buildConfigurationList = 790B7F3F1A69C3AE009C1F1B /* Build configuration list for PBXNativeTarget "catchGoalTests" */;
			buildPhases = (
				790B7F2E1A69C3AE009C1F1B /* Sources */,
				790B7F2F1A69C3AE009C1F1B /* Frameworks */,
				790B7F301A69C3AE009C1F1B /* Resources */,
			);
			buildRules = (
			);
			dependencies = (
				790B7F341A69C3AE009C1F1B /* PBXTargetDependency */,
			);
			name = catchGoalTests;
			productName = catchGoalTests;
			productReference = 790B7F321A69C3AE009C1F1B /* catchGoalTests.xctest */;
			productType = "com.apple.product-type.bundle.unit-test";
		};
/* End PBXNativeTarget section */

/* Begin PBXProject section */
		790B7F111A69C3AE009C1F1B /* Project object */ = {
			isa = PBXProject;
			attributes = {
				LastUpgradeCheck = 0610;
				ORGANIZATIONNAME = iosDevCourse;
				TargetAttributes = {
					790B7F181A69C3AE009C1F1B = {
						CreatedOnToolsVersion = 6.1.1;
						DevelopmentTeam = ZNV8E83E9C;
					};
					790B7F311A69C3AE009C1F1B = {
						CreatedOnToolsVersion = 6.1.1;
						DevelopmentTeam = ZNV8E83E9C;
						TestTargetID = 790B7F181A69C3AE009C1F1B;
					};
				};
			};
			buildConfigurationList = 790B7F141A69C3AE009C1F1B /* Build configuration list for PBXProject "catchGoal" */;
			compatibilityVersion = "Xcode 3.2";
			developmentRegion = English;
			hasScannedForEncodings = 0;
			knownRegions = (
				en,
				Base,
			);
			mainGroup = 790B7F101A69C3AE009C1F1B;
			productRefGroup = 790B7F1A1A69C3AE009C1F1B /* Products */;
			projectDirPath = "";
			projectRoot = "";
			targets = (
				790B7F181A69C3AE009C1F1B /* catchGoal */,
				790B7F311A69C3AE009C1F1B /* catchGoalTests */,
			);
		};
/* End PBXProject section */

/* Begin PBXResourcesBuildPhase section */
		790B7F171A69C3AE009C1F1B /* Resources */ = {
			isa = PBXResourcesBuildPhase;
			buildActionMask = 2147483647;
			files = (
				DAE391E61A822A0C00B60CC2 /* goalCurrentSum.png in Resources */,
				DA1C35DE1A8124C000A3A931 /* logout@2x.png in Resources */,
				DAE391E21A82236C00B60CC2 /* goalName.png in Resources */,
				CED0F1671AA1C3D7007C6B70 /* list-fat-7.png in Resources */,
				DA1FCC851A81024800CA44C7 /* testPic2.png in Resources */,
				DA63089A1A77CAF300F7AB08 /* photoPic@2x.png in Resources */,
				DAE448791A6B15F40041F449 /* Roboto-Regular.ttf in Resources */,
				CED0F1691AA1C3D7007C6B70 /* list-simple-star-7.png in Resources */,
				DAE391EA1A82345500B60CC2 /* goalPic.png in Resources */,
				DA1FCC861A81024800CA44C7 /* testPic3.png in Resources */,
				DAE448771A6B15F20041F449 /* Roboto-Medium.ttf in Resources */,
				CED0F1681AA1C3D7007C6B70 /* list-simple-7.png in Resources */,
				DAFB806B1A6C4EFA006F28DF /* arrowForward.png in Resources */,
				DA9E2FE91A80E55D00BC08B2 /* OpenSans-Regular.ttf in Resources */,
				79736B901A9125260046947E /* addMoney@3x.png in Resources */,
				79736B8E1A9124D20046947E /* addMoney@2x.png in Resources */,
				DA8AB2771AA0E82D006CB011 /* loginPic@2x.png in Resources */,
				DAE391E81A822AC400B60CC2 /* goalExpDate.png in Resources */,
				790B7F281A69C3AE009C1F1B /* Main.storyboard in Resources */,
				DA8AB27D1AA0FB93006CB011 /* logo.png in Resources */,
				DA1FCC841A81024800CA44C7 /* testPic1.png in Resources */,
				DA8AB2791AA0E922006CB011 /* passPic@2x.png in Resources */,
				790B7F2D1A69C3AE009C1F1B /* LaunchScreen.xib in Resources */,
				DAE4487B1A6B15F70041F449 /* Roboto-Light.ttf in Resources */,
				7942FE331A8FF3360035F411 /* no_photo.png in Resources */,
				DAFB806E1A6C4FB9006F28DF /* arrowBack.png in Resources */,
				DA8AB2751AA0E46F006CB011 /* bg.png in Resources */,
				DAE391E41A82262D00B60CC2 /* goalTotalSum.png in Resources */,
				790B7F2A1A69C3AE009C1F1B /* Images.xcassets in Resources */,
				DA9E2FEB1A80E56000BC08B2 /* OpenSans-Semibold.ttf in Resources */,
				DA1C35E01A8125BC00A3A931 /* logout@3x.png in Resources */,
				DA8AB27B1AA0F6FA006CB011 /* emalPic.png in Resources */,
			);
			runOnlyForDeploymentPostprocessing = 0;
		};
		790B7F301A69C3AE009C1F1B /* Resources */ = {
			isa = PBXResourcesBuildPhase;
			buildActionMask = 2147483647;
			files = (
				DAE4487A1A6B15F50041F449 /* Roboto-Regular.ttf in Resources */,
				DAE448781A6B15F20041F449 /* Roboto-Medium.ttf in Resources */,
				DA9E2FEA1A80E55E00BC08B2 /* OpenSans-Regular.ttf in Resources */,
				DAE4487C1A6B15F70041F449 /* Roboto-Light.ttf in Resources */,
				DA9E2FEC1A80E56100BC08B2 /* OpenSans-Semibold.ttf in Resources */,
			);
			runOnlyForDeploymentPostprocessing = 0;
		};
/* End PBXResourcesBuildPhase section */

/* Begin PBXSourcesBuildPhase section */
		790B7F151A69C3AE009C1F1B /* Sources */ = {
			isa = PBXSourcesBuildPhase;
			buildActionMask = 2147483647;
			files = (
				DA87F4B01A9B89A60085F7F9 /* SCLAlertView.m in Sources */,
				DA5CB9061A924E2300A66BBF /* MagicalImportFunctions.m in Sources */,
				DA5CB9081A924E2300A66BBF /* NSEntityDescription+MagicalDataImport.m in Sources */,
				DA2AD3D81A90F9FD00BA7E4C /* goalOperationsCell.m in Sources */,
				DA5CB9121A924E2300A66BBF /* NSManagedObjectContext+MagicalObserving.m in Sources */,
				DA5CB9151A924E2300A66BBF /* NSManagedObjectContext+MagicalThreading.m in Sources */,
				8B6A205E1A6AB22100C4FDFE /* DetailTableViewController.m in Sources */,
				DA5CB91B1A924E2300A66BBF /* MagicalRecord+iCloud.m in Sources */,
				DA5CB9101A924E2300A66BBF /* NSManagedObject+MagicalRecord.m in Sources */,
				DAC6D2F21A9936CC002AE5F8 /* Goal.m in Sources */,
				DA5CB91D1A924E2300A66BBF /* MagicalRecord+Setup.m in Sources */,
				794465D61A6A5CE400F00F63 /* StartScreensMainViewController.m in Sources */,
				DA5CB91F1A924E2300A66BBF /* MagicalRecord.m in Sources */,
				DA5CB91C1A924E2300A66BBF /* MagicalRecord+Options.m in Sources */,
				790B7F5B1A69CA3E009C1F1B /* LaunchScreenViewController.m in Sources */,
				DA6308981A77C13D00F7AB08 /* AddAndEditGoalCell.m in Sources */,
				DA5CB9171A924E2300A66BBF /* NSPersistentStore+MagicalRecord.m in Sources */,
				790B7F521A69CA00009C1F1B /* LoginViewController.m in Sources */,
				DA5CB9071A924E2300A66BBF /* NSAttributeDescription+MagicalDataImport.m in Sources */,
				DA5CB91E1A924E2300A66BBF /* MagicalRecord+ShorthandSupport.m in Sources */,
				DAC6D2EF1A9936CC002AE5F8 /* GoalOperations.m in Sources */,
				DA0DB12A1A923FBC00AAB6AD /* GoalDataModel.xcdatamodeld in Sources */,
				DA5CB9131A924E2300A66BBF /* NSManagedObjectContext+MagicalRecord.m in Sources */,
				DA87F4B21A9B89A60085F7F9 /* SCLAlertViewStyleKit.m in Sources */,
				790B7F221A69C3AE009C1F1B /* AppDelegate.m in Sources */,
				DA87F4B31A9B89A60085F7F9 /* SCLButton.m in Sources */,
				790B7F581A69CA2C009C1F1B /* ForgotPasswordViewController.m in Sources */,
				790B7F1F1A69C3AE009C1F1B /* main.m in Sources */,
				79ABEEC31A827D9A00DCE5F0 /* RMDateSelectionViewController.m in Sources */,
				DA5CB90F1A924E2300A66BBF /* NSManagedObject+MagicalFinders.m in Sources */,
				DA87F4B11A9B89A60085F7F9 /* SCLAlertViewResponder.m in Sources */,
				DA87F4B41A9B89A60085F7F9 /* UIImage+ImageEffects.m in Sources */,
				DA5CB9141A924E2300A66BBF /* NSManagedObjectContext+MagicalSaves.m in Sources */,
				790B7F471A69C5C8009C1F1B /* Constants.m in Sources */,
				DA5CB90C1A924E2300A66BBF /* NSString+MagicalDataImport.m in Sources */,
				DA5CB9191A924E2300A66BBF /* MagicalRecord+Actions.m in Sources */,
				DA5CB9091A924E2300A66BBF /* NSNumber+MagicalDataImport.m in Sources */,
				DA5CB90D1A924E2300A66BBF /* NSManagedObject+MagicalAggregation.m in Sources */,
				7942FE311A8FD1E00035F411 /* UIActionSheet+BlockExtensions.m in Sources */,
				DA5CB90B1A924E2300A66BBF /* NSRelationshipDescription+MagicalDataImport.m in Sources */,
				DA5CB90E1A924E2300A66BBF /* NSManagedObject+MagicalDataImport.m in Sources */,
				8B9E33421A6A32A400CA3778 /* GoalTableViewCell.m in Sources */,
				DABF0E5C1A6AD96800105669 /* KAProgressLabel.m in Sources */,
				CED0F16F1AA1CF54007C6B70 /* GoalsViewController.m in Sources */,
				DA2AD3D11A90F97F00BA7E4C /* goalInfoCell.m in Sources */,
				DA5CB90A1A924E2300A66BBF /* NSObject+MagicalDataImport.m in Sources */,
				DA5CB9181A924E2300A66BBF /* NSPersistentStoreCoordinator+MagicalRecord.m in Sources */,
				79548FFD1A6C37BB005AE681 /* DataSingletone.m in Sources */,
				D3494B6C1A6C0FE60007DD0C /* NewGoalTableViewController.m in Sources */,
				790B7F551A69CA0D009C1F1B /* RegistrationViewController.m in Sources */,
				DA5CB9161A924E2300A66BBF /* NSManagedObjectModel+MagicalRecord.m in Sources */,
				DA5CB9111A924E2300A66BBF /* NSManagedObject+MagicalRequests.m in Sources */,
				DABF0E5D1A6AD96800105669 /* TPPropertyAnimation.m in Sources */,
				DA5CB91A1A924E2300A66BBF /* MagicalRecord+ErrorHandling.m in Sources */,
			);
			runOnlyForDeploymentPostprocessing = 0;
		};
		790B7F2E1A69C3AE009C1F1B /* Sources */ = {
			isa = PBXSourcesBuildPhase;
			buildActionMask = 2147483647;
			files = (
				790B7F391A69C3AE009C1F1B /* catchGoalTests.m in Sources */,
			);
			runOnlyForDeploymentPostprocessing = 0;
		};
/* End PBXSourcesBuildPhase section */

/* Begin PBXTargetDependency section */
		790B7F341A69C3AE009C1F1B /* PBXTargetDependency */ = {
			isa = PBXTargetDependency;
			target = 790B7F181A69C3AE009C1F1B /* catchGoal */;
			targetProxy = 790B7F331A69C3AE009C1F1B /* PBXContainerItemProxy */;
		};
/* End PBXTargetDependency section */

/* Begin PBXVariantGroup section */
		790B7F261A69C3AE009C1F1B /* Main.storyboard */ = {
			isa = PBXVariantGroup;
			children = (
				790B7F271A69C3AE009C1F1B /* Base */,
			);
			name = Main.storyboard;
			sourceTree = "<group>";
		};
		790B7F2B1A69C3AE009C1F1B /* LaunchScreen.xib */ = {
			isa = PBXVariantGroup;
			children = (
				790B7F2C1A69C3AE009C1F1B /* Base */,
			);
			name = LaunchScreen.xib;
			sourceTree = "<group>";
		};
/* End PBXVariantGroup section */

/* Begin XCBuildConfiguration section */
		790B7F3A1A69C3AE009C1F1B /* Debug */ = {
			isa = XCBuildConfiguration;
			buildSettings = {
				ALWAYS_SEARCH_USER_PATHS = NO;
				CLANG_CXX_LANGUAGE_STANDARD = "gnu++0x";
				CLANG_CXX_LIBRARY = "libc++";
				CLANG_ENABLE_MODULES = YES;
				CLANG_ENABLE_OBJC_ARC = YES;
				CLANG_WARN_BOOL_CONVERSION = YES;
				CLANG_WARN_CONSTANT_CONVERSION = YES;
				CLANG_WARN_DIRECT_OBJC_ISA_USAGE = YES_ERROR;
				CLANG_WARN_EMPTY_BODY = YES;
				CLANG_WARN_ENUM_CONVERSION = YES;
				CLANG_WARN_INT_CONVERSION = YES;
				CLANG_WARN_OBJC_ROOT_CLASS = YES_ERROR;
				CLANG_WARN_UNREACHABLE_CODE = YES;
				CLANG_WARN__DUPLICATE_METHOD_MATCH = YES;
				"CODE_SIGN_IDENTITY[sdk=iphoneos*]" = "iPhone Developer";
				COPY_PHASE_STRIP = NO;
				ENABLE_STRICT_OBJC_MSGSEND = YES;
				GCC_C_LANGUAGE_STANDARD = gnu99;
				GCC_DYNAMIC_NO_PIC = NO;
				GCC_OPTIMIZATION_LEVEL = 0;
				GCC_PREPROCESSOR_DEFINITIONS = (
					"DEBUG=1",
					"$(inherited)",
				);
				GCC_SYMBOLS_PRIVATE_EXTERN = NO;
				GCC_WARN_64_TO_32_BIT_CONVERSION = YES;
				GCC_WARN_ABOUT_RETURN_TYPE = YES_ERROR;
				GCC_WARN_UNDECLARED_SELECTOR = YES;
				GCC_WARN_UNINITIALIZED_AUTOS = YES_AGGRESSIVE;
				GCC_WARN_UNUSED_FUNCTION = YES;
				GCC_WARN_UNUSED_VARIABLE = YES;
				IPHONEOS_DEPLOYMENT_TARGET = 8.1;
				MTL_ENABLE_DEBUG_INFO = YES;
				ONLY_ACTIVE_ARCH = YES;
				SDKROOT = iphoneos;
				TARGETED_DEVICE_FAMILY = "1,2";
			};
			name = Debug;
		};
		790B7F3B1A69C3AE009C1F1B /* Release */ = {
			isa = XCBuildConfiguration;
			buildSettings = {
				ALWAYS_SEARCH_USER_PATHS = NO;
				CLANG_CXX_LANGUAGE_STANDARD = "gnu++0x";
				CLANG_CXX_LIBRARY = "libc++";
				CLANG_ENABLE_MODULES = YES;
				CLANG_ENABLE_OBJC_ARC = YES;
				CLANG_WARN_BOOL_CONVERSION = YES;
				CLANG_WARN_CONSTANT_CONVERSION = YES;
				CLANG_WARN_DIRECT_OBJC_ISA_USAGE = YES_ERROR;
				CLANG_WARN_EMPTY_BODY = YES;
				CLANG_WARN_ENUM_CONVERSION = YES;
				CLANG_WARN_INT_CONVERSION = YES;
				CLANG_WARN_OBJC_ROOT_CLASS = YES_ERROR;
				CLANG_WARN_UNREACHABLE_CODE = YES;
				CLANG_WARN__DUPLICATE_METHOD_MATCH = YES;
				"CODE_SIGN_IDENTITY[sdk=iphoneos*]" = "iPhone Developer";
				COPY_PHASE_STRIP = YES;
				ENABLE_NS_ASSERTIONS = NO;
				ENABLE_STRICT_OBJC_MSGSEND = YES;
				GCC_C_LANGUAGE_STANDARD = gnu99;
				GCC_WARN_64_TO_32_BIT_CONVERSION = YES;
				GCC_WARN_ABOUT_RETURN_TYPE = YES_ERROR;
				GCC_WARN_UNDECLARED_SELECTOR = YES;
				GCC_WARN_UNINITIALIZED_AUTOS = YES_AGGRESSIVE;
				GCC_WARN_UNUSED_FUNCTION = YES;
				GCC_WARN_UNUSED_VARIABLE = YES;
				IPHONEOS_DEPLOYMENT_TARGET = 8.1;
				MTL_ENABLE_DEBUG_INFO = NO;
				SDKROOT = iphoneos;
				TARGETED_DEVICE_FAMILY = "1,2";
				VALIDATE_PRODUCT = YES;
			};
			name = Release;
		};
		790B7F3D1A69C3AE009C1F1B /* Debug */ = {
			isa = XCBuildConfiguration;
			buildSettings = {
				ASSETCATALOG_COMPILER_APPICON_NAME = AppIcon;
				ASSETCATALOG_COMPILER_LAUNCHIMAGE_NAME = LaunchImage;
				CODE_SIGN_IDENTITY = "iPhone Developer";
				"CODE_SIGN_IDENTITY[sdk=iphoneos*]" = "iPhone Developer";
				FRAMEWORK_SEARCH_PATHS = (
					"$(inherited)",
					"$(PROJECT_DIR)/catchGoal",
				);
				GCC_PRECOMPILE_PREFIX_HEADER = YES;
				GCC_PREFIX_HEADER = "$(PROJECT_DIR)/catchGoal/catchGoal-Prefix.pch";
				INFOPLIST_FILE = catchGoal/Info.plist;
				IPHONEOS_DEPLOYMENT_TARGET = 7.1;
				LD_RUNPATH_SEARCH_PATHS = "$(inherited) @executable_path/Frameworks";
				OTHER_LDFLAGS = "-lc++";
				PRODUCT_NAME = "$(TARGET_NAME)";
				PROVISIONING_PROFILE = "";
			};
			name = Debug;
		};
		790B7F3E1A69C3AE009C1F1B /* Release */ = {
			isa = XCBuildConfiguration;
			buildSettings = {
				ASSETCATALOG_COMPILER_APPICON_NAME = AppIcon;
				ASSETCATALOG_COMPILER_LAUNCHIMAGE_NAME = LaunchImage;
				CODE_SIGN_IDENTITY = "iPhone Developer";
				"CODE_SIGN_IDENTITY[sdk=iphoneos*]" = "iPhone Developer";
				FRAMEWORK_SEARCH_PATHS = (
					"$(inherited)",
					"$(PROJECT_DIR)/catchGoal",
				);
				GCC_PRECOMPILE_PREFIX_HEADER = YES;
				GCC_PREFIX_HEADER = "$(PROJECT_DIR)/catchGoal/catchGoal-Prefix.pch";
				INFOPLIST_FILE = catchGoal/Info.plist;
				IPHONEOS_DEPLOYMENT_TARGET = 7.1;
				LD_RUNPATH_SEARCH_PATHS = "$(inherited) @executable_path/Frameworks";
				OTHER_LDFLAGS = "-lc++";
				PRODUCT_NAME = "$(TARGET_NAME)";
				PROVISIONING_PROFILE = "";
			};
			name = Release;
		};
		790B7F401A69C3AE009C1F1B /* Debug */ = {
			isa = XCBuildConfiguration;
			buildSettings = {
				BUNDLE_LOADER = "$(TEST_HOST)";
				FRAMEWORK_SEARCH_PATHS = (
					"$(SDKROOT)/Developer/Library/Frameworks",
					"$(inherited)",
				);
				GCC_PREPROCESSOR_DEFINITIONS = (
					"DEBUG=1",
					"$(inherited)",
				);
				INFOPLIST_FILE = catchGoalTests/Info.plist;
				LD_RUNPATH_SEARCH_PATHS = "$(inherited) @executable_path/Frameworks @loader_path/Frameworks";
				PRODUCT_NAME = "$(TARGET_NAME)";
				TEST_HOST = "$(BUILT_PRODUCTS_DIR)/catchGoal.app/catchGoal";
			};
			name = Debug;
		};
		790B7F411A69C3AE009C1F1B /* Release */ = {
			isa = XCBuildConfiguration;
			buildSettings = {
				BUNDLE_LOADER = "$(TEST_HOST)";
				FRAMEWORK_SEARCH_PATHS = (
					"$(SDKROOT)/Developer/Library/Frameworks",
					"$(inherited)",
				);
				INFOPLIST_FILE = catchGoalTests/Info.plist;
				LD_RUNPATH_SEARCH_PATHS = "$(inherited) @executable_path/Frameworks @loader_path/Frameworks";
				PRODUCT_NAME = "$(TARGET_NAME)";
				TEST_HOST = "$(BUILT_PRODUCTS_DIR)/catchGoal.app/catchGoal";
			};
			name = Release;
		};
/* End XCBuildConfiguration section */

/* Begin XCConfigurationList section */
		790B7F141A69C3AE009C1F1B /* Build configuration list for PBXProject "catchGoal" */ = {
			isa = XCConfigurationList;
			buildConfigurations = (
				790B7F3A1A69C3AE009C1F1B /* Debug */,
				790B7F3B1A69C3AE009C1F1B /* Release */,
			);
			defaultConfigurationIsVisible = 0;
			defaultConfigurationName = Release;
		};
		790B7F3C1A69C3AE009C1F1B /* Build configuration list for PBXNativeTarget "catchGoal" */ = {
			isa = XCConfigurationList;
			buildConfigurations = (
				790B7F3D1A69C3AE009C1F1B /* Debug */,
				790B7F3E1A69C3AE009C1F1B /* Release */,
			);
			defaultConfigurationIsVisible = 0;
			defaultConfigurationName = Release;
		};
		790B7F3F1A69C3AE009C1F1B /* Build configuration list for PBXNativeTarget "catchGoalTests" */ = {
			isa = XCConfigurationList;
			buildConfigurations = (
				790B7F401A69C3AE009C1F1B /* Debug */,
				790B7F411A69C3AE009C1F1B /* Release */,
			);
			defaultConfigurationIsVisible = 0;
			defaultConfigurationName = Release;
		};
/* End XCConfigurationList section */

/* Begin XCVersionGroup section */
		DA0DB1281A923FBC00AAB6AD /* GoalDataModel.xcdatamodeld */ = {
			isa = XCVersionGroup;
			children = (
				DA0DB1291A923FBC00AAB6AD /* GoalDataModel.xcdatamodel */,
			);
			currentVersion = DA0DB1291A923FBC00AAB6AD /* GoalDataModel.xcdatamodel */;
			path = GoalDataModel.xcdatamodeld;
			sourceTree = "<group>";
			versionGroupType = wrapper.xcdatamodel;
		};
/* End XCVersionGroup section */
	};
	rootObject = 790B7F111A69C3AE009C1F1B /* Project object */;
}
